PODS:
  - AFNetworkActivityLogger (2.0.4):
    - AFNetworking/NSURLConnection (~> 2.0)
    - AFNetworking/NSURLSession (~> 2.0)
  - AFNetworking (2.6.3):
    - AFNetworking/NSURLConnection (= 2.6.3)
    - AFNetworking/NSURLSession (= 2.6.3)
    - AFNetworking/Reachability (= 2.6.3)
    - AFNetworking/Security (= 2.6.3)
    - AFNetworking/Serialization (= 2.6.3)
    - AFNetworking/UIKit (= 2.6.3)
  - AFNetworking/NSURLConnection (2.6.3):
    - AFNetworking/Reachability
    - AFNetworking/Security
    - AFNetworking/Serialization
  - AFNetworking/NSURLSession (2.6.3):
    - AFNetworking/Reachability
    - AFNetworking/Security
    - AFNetworking/Serialization
  - AFNetworking/Reachability (2.6.3)
  - AFNetworking/Security (2.6.3)
  - AFNetworking/Serialization (2.6.3)
  - AFNetworking/UIKit (2.6.3):
    - AFNetworking/NSURLConnection
    - AFNetworking/NSURLSession
  - HexColors (2.2.1)
  - IQKeyboardManager (4.0.4)
  - JFBCrypt (0.1)
  - LCLoadingHUD (1.0.6)
  - TSMessages (0.9.12):
    - HexColors (~> 2.2.0)
  - UIImage-Helpers (0.0.3)

DEPENDENCIES:
  - AFNetworkActivityLogger (~> 2.0)
  - AFNetworking (~> 2.5)
  - IQKeyboardManager (~> 4.0)
  - JFBCrypt (~> 0.1)
  - LCLoadingHUD
  - TSMessages
  - UIImage-Helpers

SPEC CHECKSUMS:
  AFNetworkActivityLogger: 121486778117d53b3ab1c61d264b88081d0c3eee
  AFNetworking: cb8d14a848e831097108418f5d49217339d4eb60
  HexColors: abfd172e329dab59888614ccba6f216cec59289d
  IQKeyboardManager: 4a6f83b540283c2645aaeba2bd8dc0f09b5c77f8
  JFBCrypt: b5333bb2ff2bc80dc370ac332dfbcefc41720dee
  LCLoadingHUD: 8b20d4c10d47c3d4a64978cb966532788c183588
  TSMessages: c8cc7b80f2a833af533872cd02010cac061532cc
  UIImage-Helpers: 06b04a42bdd222844035602e87e936765c80f620

PODFILE CHECKSUM: f2b6199935f847cd55dea11ae6e64fd4c3dea0af

COCOAPODS: 1.0.1
