// !$*UTF8*$!
{
	archiveVersion = 1;
	classes = {
	};
	objectVersion = 46;
	objects = {

/* Begin PBXBuildFile section */
		000C4DB61D1D837D0069BA6D /* main.m in Sources */ = {isa = PBXBuildFile; fileRef = 000C4DB51D1D837D0069BA6D /* main.m */; };
		000C4DB91D1D837D0069BA6D /* AppDelegate.m in Sources */ = {isa = PBXBuildFile; fileRef = 000C4DB81D1D837D0069BA6D /* AppDelegate.m */; };
		000C4DBC1D1D837D0069BA6D /* ViewController.m in Sources */ = {isa = PBXBuildFile; fileRef = 000C4DBB1D1D837D0069BA6D /* ViewController.m */; };
		000C4DBF1D1D837D0069BA6D /* Main.storyboard in Resources */ = {isa = PBXBuildFile; fileRef = 000C4DBD1D1D837D0069BA6D /* Main.storyboard */; };
		000C4DC11D1D837D0069BA6D /* Assets.xcassets in Resources */ = {isa = PBXBuildFile; fileRef = 000C4DC01D1D837D0069BA6D /* Assets.xcassets */; };
		000C4DC41D1D837D0069BA6D /* LaunchScreen.storyboard in Resources */ = {isa = PBXBuildFile; fileRef = 000C4DC21D1D837D0069BA6D /* LaunchScreen.storyboard */; };
		000C4DCF1D1D837D0069BA6D /* KioskTests.m in Sources */ = {isa = PBXBuildFile; fileRef = 000C4DCE1D1D837D0069BA6D /* KioskTests.m */; };
		000C4DDA1D1D837D0069BA6D /* KioskUITests.m in Sources */ = {isa = PBXBuildFile; fileRef = 000C4DD91D1D837D0069BA6D /* KioskUITests.m */; };
		000C4DEA1D1D87560069BA6D /* DashboardViewController.m in Sources */ = {isa = PBXBuildFile; fileRef = 000C4DE91D1D87560069BA6D /* DashboardViewController.m */; };
		000C4DEE1D1D8A5A0069BA6D /* BaseViewController.m in Sources */ = {isa = PBXBuildFile; fileRef = 000C4DED1D1D8A5A0069BA6D /* BaseViewController.m */; };
		000C4DF31D1D8B090069BA6D /* DonationViewController.m in Sources */ = {isa = PBXBuildFile; fileRef = 000C4DF11D1D8B090069BA6D /* DonationViewController.m */; };
		000C4DF41D1D8B090069BA6D /* DonationViewController.xib in Resources */ = {isa = PBXBuildFile; fileRef = 000C4DF21D1D8B090069BA6D /* DonationViewController.xib */; };
		000C4DF91D1D8E710069BA6D /* MainViewController.m in Sources */ = {isa = PBXBuildFile; fileRef = 000C4DF71D1D8E700069BA6D /* MainViewController.m */; };
		000C4DFA1D1D8E710069BA6D /* MainViewController.xib in Resources */ = {isa = PBXBuildFile; fileRef = 000C4DF81D1D8E700069BA6D /* MainViewController.xib */; };
		000C4DFE1D1D90CF0069BA6D /* DonationMainViewController.m in Sources */ = {isa = PBXBuildFile; fileRef = 000C4DFD1D1D90CF0069BA6D /* DonationMainViewController.m */; };
		229859AFD72697B575D0CB55 /* libPods-KioskUITests.a in Frameworks */ = {isa = PBXBuildFile; fileRef = 3B65D57F6EF56BCE8A11908D /* libPods-KioskUITests.a */; };
		56DB0BC553E8D84652B77A64 /* libPods-Kiosk.a in Frameworks */ = {isa = PBXBuildFile; fileRef = 4FED98358E840D66A56E7B58 /* libPods-Kiosk.a */; };
		FFF2C500C04F55306D6EC17B /* libPods-KioskTests.a in Frameworks */ = {isa = PBXBuildFile; fileRef = 8847FB81AE0E8E17E70CCC74 /* libPods-KioskTests.a */; };
/* End PBXBuildFile section */

/* Begin PBXContainerItemProxy section */
		000C4DCB1D1D837D0069BA6D /* PBXContainerItemProxy */ = {
			isa = PBXContainerItemProxy;
			containerPortal = 000C4DA91D1D837D0069BA6D /* Project object */;
			proxyType = 1;
			remoteGlobalIDString = 000C4DB01D1D837D0069BA6D;
			remoteInfo = Kiosk;
		};
		000C4DD61D1D837D0069BA6D /* PBXContainerItemProxy */ = {
			isa = PBXContainerItemProxy;
			containerPortal = 000C4DA91D1D837D0069BA6D /* Project object */;
			proxyType = 1;
			remoteGlobalIDString = 000C4DB01D1D837D0069BA6D;
			remoteInfo = Kiosk;
		};
/* End PBXContainerItemProxy section */

/* Begin PBXFileReference section */
		000C4DB11D1D837D0069BA6D /* Kiosk.app */ = {isa = PBXFileReference; explicitFileType = wrapper.application; includeInIndex = 0; path = Kiosk.app; sourceTree = BUILT_PRODUCTS_DIR; };
		000C4DB51D1D837D0069BA6D /* main.m */ = {isa = PBXFileReference; lastKnownFileType = sourcecode.c.objc; path = main.m; sourceTree = "<group>"; };
		000C4DB71D1D837D0069BA6D /* AppDelegate.h */ = {isa = PBXFileReference; lastKnownFileType = sourcecode.c.h; path = AppDelegate.h; sourceTree = "<group>"; };
		000C4DB81D1D837D0069BA6D /* AppDelegate.m */ = {isa = PBXFileReference; lastKnownFileType = sourcecode.c.objc; path = AppDelegate.m; sourceTree = "<group>"; };
		000C4DBA1D1D837D0069BA6D /* ViewController.h */ = {isa = PBXFileReference; lastKnownFileType = sourcecode.c.h; path = ViewController.h; sourceTree = "<group>"; };
		000C4DBB1D1D837D0069BA6D /* ViewController.m */ = {isa = PBXFileReference; lastKnownFileType = sourcecode.c.objc; path = ViewController.m; sourceTree = "<group>"; };
		000C4DBE1D1D837D0069BA6D /* Base */ = {isa = PBXFileReference; lastKnownFileType = file.storyboard; name = Base; path = Base.lproj/Main.storyboard; sourceTree = "<group>"; };
		000C4DC01D1D837D0069BA6D /* Assets.xcassets */ = {isa = PBXFileReference; lastKnownFileType = folder.assetcatalog; path = Assets.xcassets; sourceTree = "<group>"; };
		000C4DC31D1D837D0069BA6D /* Base */ = {isa = PBXFileReference; lastKnownFileType = file.storyboard; name = Base; path = Base.lproj/LaunchScreen.storyboard; sourceTree = "<group>"; };
		000C4DC51D1D837D0069BA6D /* Info.plist */ = {isa = PBXFileReference; lastKnownFileType = text.plist.xml; path = Info.plist; sourceTree = "<group>"; };
		000C4DCA1D1D837D0069BA6D /* KioskTests.xctest */ = {isa = PBXFileReference; explicitFileType = wrapper.cfbundle; includeInIndex = 0; path = KioskTests.xctest; sourceTree = BUILT_PRODUCTS_DIR; };
		000C4DCE1D1D837D0069BA6D /* KioskTests.m */ = {isa = PBXFileReference; lastKnownFileType = sourcecode.c.objc; path = KioskTests.m; sourceTree = "<group>"; };
		000C4DD01D1D837D0069BA6D /* Info.plist */ = {isa = PBXFileReference; lastKnownFileType = text.plist.xml; path = Info.plist; sourceTree = "<group>"; };
		000C4DD51D1D837D0069BA6D /* KioskUITests.xctest */ = {isa = PBXFileReference; explicitFileType = wrapper.cfbundle; includeInIndex = 0; path = KioskUITests.xctest; sourceTree = BUILT_PRODUCTS_DIR; };
		000C4DD91D1D837D0069BA6D /* KioskUITests.m */ = {isa = PBXFileReference; lastKnownFileType = sourcecode.c.objc; path = KioskUITests.m; sourceTree = "<group>"; };
		000C4DDB1D1D837D0069BA6D /* Info.plist */ = {isa = PBXFileReference; lastKnownFileType = text.plist.xml; path = Info.plist; sourceTree = "<group>"; };
		000C4DE81D1D87560069BA6D /* DashboardViewController.h */ = {isa = PBXFileReference; fileEncoding = 4; lastKnownFileType = sourcecode.c.h; path = DashboardViewController.h; sourceTree = "<group>"; };
		000C4DE91D1D87560069BA6D /* DashboardViewController.m */ = {isa = PBXFileReference; fileEncoding = 4; lastKnownFileType = sourcecode.c.objc; path = DashboardViewController.m; sourceTree = "<group>"; };
		000C4DEC1D1D8A5A0069BA6D /* BaseViewController.h */ = {isa = PBXFileReference; fileEncoding = 4; lastKnownFileType = sourcecode.c.h; path = BaseViewController.h; sourceTree = "<group>"; };
		000C4DED1D1D8A5A0069BA6D /* BaseViewController.m */ = {isa = PBXFileReference; fileEncoding = 4; lastKnownFileType = sourcecode.c.objc; path = BaseViewController.m; sourceTree = "<group>"; };
		000C4DF01D1D8B090069BA6D /* DonationViewController.h */ = {isa = PBXFileReference; fileEncoding = 4; lastKnownFileType = sourcecode.c.h; path = DonationViewController.h; sourceTree = "<group>"; };
		000C4DF11D1D8B090069BA6D /* DonationViewController.m */ = {isa = PBXFileReference; fileEncoding = 4; lastKnownFileType = sourcecode.c.objc; path = DonationViewController.m; sourceTree = "<group>"; };
		000C4DF21D1D8B090069BA6D /* DonationViewController.xib */ = {isa = PBXFileReference; fileEncoding = 4; lastKnownFileType = file.xib; path = DonationViewController.xib; sourceTree = "<group>"; };
		000C4DF61D1D8E700069BA6D /* MainViewController.h */ = {isa = PBXFileReference; fileEncoding = 4; lastKnownFileType = sourcecode.c.h; path = MainViewController.h; sourceTree = "<group>"; };
		000C4DF71D1D8E700069BA6D /* MainViewController.m */ = {isa = PBXFileReference; fileEncoding = 4; lastKnownFileType = sourcecode.c.objc; path = MainViewController.m; sourceTree = "<group>"; };
		000C4DF81D1D8E700069BA6D /* MainViewController.xib */ = {isa = PBXFileReference; fileEncoding = 4; lastKnownFileType = file.xib; path = MainViewController.xib; sourceTree = "<group>"; };
		000C4DFC1D1D90CF0069BA6D /* DonationMainViewController.h */ = {isa = PBXFileReference; fileEncoding = 4; lastKnownFileType = sourcecode.c.h; path = DonationMainViewController.h; sourceTree = "<group>"; };
		000C4DFD1D1D90CF0069BA6D /* DonationMainViewController.m */ = {isa = PBXFileReference; fileEncoding = 4; lastKnownFileType = sourcecode.c.objc; path = DonationMainViewController.m; sourceTree = "<group>"; };
		3B65D57F6EF56BCE8A11908D /* libPods-KioskUITests.a */ = {isa = PBXFileReference; explicitFileType = archive.ar; includeInIndex = 0; path = "libPods-KioskUITests.a"; sourceTree = BUILT_PRODUCTS_DIR; };
		42F60341A668ABBECCF8DACA /* Pods-Kiosk.release.xcconfig */ = {isa = PBXFileReference; includeInIndex = 1; lastKnownFileType = text.xcconfig; name = "Pods-Kiosk.release.xcconfig"; path = "Pods/Target Support Files/Pods-Kiosk/Pods-Kiosk.release.xcconfig"; sourceTree = "<group>"; };
		4FED98358E840D66A56E7B58 /* libPods-Kiosk.a */ = {isa = PBXFileReference; explicitFileType = archive.ar; includeInIndex = 0; path = "libPods-Kiosk.a"; sourceTree = BUILT_PRODUCTS_DIR; };
		5E5A3304D7B171E0257B934B /* Pods-Kiosk.debug.xcconfig */ = {isa = PBXFileReference; includeInIndex = 1; lastKnownFileType = text.xcconfig; name = "Pods-Kiosk.debug.xcconfig"; path = "Pods/Target Support Files/Pods-Kiosk/Pods-Kiosk.debug.xcconfig"; sourceTree = "<group>"; };
		7703470AB2903CE6896CC467 /* Pods-KioskTests.release.xcconfig */ = {isa = PBXFileReference; includeInIndex = 1; lastKnownFileType = text.xcconfig; name = "Pods-KioskTests.release.xcconfig"; path = "Pods/Target Support Files/Pods-KioskTests/Pods-KioskTests.release.xcconfig"; sourceTree = "<group>"; };
		82E51D257B0073F726D96228 /* Pods-KioskUITests.release.xcconfig */ = {isa = PBXFileReference; includeInIndex = 1; lastKnownFileType = text.xcconfig; name = "Pods-KioskUITests.release.xcconfig"; path = "Pods/Target Support Files/Pods-KioskUITests/Pods-KioskUITests.release.xcconfig"; sourceTree = "<group>"; };
		8847FB81AE0E8E17E70CCC74 /* libPods-KioskTests.a */ = {isa = PBXFileReference; explicitFileType = archive.ar; includeInIndex = 0; path = "libPods-KioskTests.a"; sourceTree = BUILT_PRODUCTS_DIR; };
		9C5A83920B8F5B761E5F51D5 /* Pods-KioskTests.debug.xcconfig */ = {isa = PBXFileReference; includeInIndex = 1; lastKnownFileType = text.xcconfig; name = "Pods-KioskTests.debug.xcconfig"; path = "Pods/Target Support Files/Pods-KioskTests/Pods-KioskTests.debug.xcconfig"; sourceTree = "<group>"; };
		E903958EEDA0DD7D26B73FCE /* Pods-KioskUITests.debug.xcconfig */ = {isa = PBXFileReference; includeInIndex = 1; lastKnownFileType = text.xcconfig; name = "Pods-KioskUITests.debug.xcconfig"; path = "Pods/Target Support Files/Pods-KioskUITests/Pods-KioskUITests.debug.xcconfig"; sourceTree = "<group>"; };
/* End PBXFileReference section */

/* Begin PBXFrameworksBuildPhase section */
		000C4DAE1D1D837D0069BA6D /* Frameworks */ = {
			isa = PBXFrameworksBuildPhase;
			buildActionMask = 2147483647;
			files = (
				56DB0BC553E8D84652B77A64 /* libPods-Kiosk.a in Frameworks */,
			);
			runOnlyForDeploymentPostprocessing = 0;
		};
		000C4DC71D1D837D0069BA6D /* Frameworks */ = {
			isa = PBXFrameworksBuildPhase;
			buildActionMask = 2147483647;
			files = (
				FFF2C500C04F55306D6EC17B /* libPods-KioskTests.a in Frameworks */,
			);
			runOnlyForDeploymentPostprocessing = 0;
		};
		000C4DD21D1D837D0069BA6D /* Frameworks */ = {
			isa = PBXFrameworksBuildPhase;
			buildActionMask = 2147483647;
			files = (
				229859AFD72697B575D0CB55 /* libPods-KioskUITests.a in Frameworks */,
			);
			runOnlyForDeploymentPostprocessing = 0;
		};
/* End PBXFrameworksBuildPhase section */

/* Begin PBXGroup section */
		000C4DA81D1D837D0069BA6D = {
			isa = PBXGroup;
			children = (
				000C4DB31D1D837D0069BA6D /* Kiosk */,
				000C4DCD1D1D837D0069BA6D /* KioskTests */,
				000C4DD81D1D837D0069BA6D /* KioskUITests */,
				000C4DB21D1D837D0069BA6D /* Products */,
				C25EE5BD158EFF30D5BE3DBF /* Pods */,
				0563A845613CD972F9A2BF69 /* Frameworks */,
			);
			sourceTree = "<group>";
		};
		000C4DB21D1D837D0069BA6D /* Products */ = {
			isa = PBXGroup;
			children = (
				000C4DB11D1D837D0069BA6D /* Kiosk.app */,
				000C4DCA1D1D837D0069BA6D /* KioskTests.xctest */,
				000C4DD51D1D837D0069BA6D /* KioskUITests.xctest */,
			);
			name = Products;
			sourceTree = "<group>";
		};
		000C4DB31D1D837D0069BA6D /* Kiosk */ = {
			isa = PBXGroup;
			children = (
				000C4DF51D1D8E5C0069BA6D /* Main */,
				000C4DEB1D1D8A3F0069BA6D /* Donation */,
				000C4DE71D1D873A0069BA6D /* DashboardView */,
				000C4DB71D1D837D0069BA6D /* AppDelegate.h */,
				000C4DB81D1D837D0069BA6D /* AppDelegate.m */,
				000C4DBA1D1D837D0069BA6D /* ViewController.h */,
				000C4DBB1D1D837D0069BA6D /* ViewController.m */,
				000C4DBD1D1D837D0069BA6D /* Main.storyboard */,
				000C4DC01D1D837D0069BA6D /* Assets.xcassets */,
				000C4DC21D1D837D0069BA6D /* LaunchScreen.storyboard */,
				000C4DC51D1D837D0069BA6D /* Info.plist */,
				000C4DB41D1D837D0069BA6D /* Supporting Files */,
			);
			path = Kiosk;
			sourceTree = "<group>";
		};
		000C4DB41D1D837D0069BA6D /* Supporting Files */ = {
			isa = PBXGroup;
			children = (
				000C4DB51D1D837D0069BA6D /* main.m */,
			);
			name = "Supporting Files";
			sourceTree = "<group>";
		};
		000C4DCD1D1D837D0069BA6D /* KioskTests */ = {
			isa = PBXGroup;
			children = (
				000C4DCE1D1D837D0069BA6D /* KioskTests.m */,
				000C4DD01D1D837D0069BA6D /* Info.plist */,
			);
			path = KioskTests;
			sourceTree = "<group>";
		};
		000C4DD81D1D837D0069BA6D /* KioskUITests */ = {
			isa = PBXGroup;
			children = (
				000C4DD91D1D837D0069BA6D /* KioskUITests.m */,
				000C4DDB1D1D837D0069BA6D /* Info.plist */,
			);
			path = KioskUITests;
			sourceTree = "<group>";
		};
		000C4DE71D1D873A0069BA6D /* DashboardView */ = {
			isa = PBXGroup;
			children = (
				000C4DE81D1D87560069BA6D /* DashboardViewController.h */,
				000C4DE91D1D87560069BA6D /* DashboardViewController.m */,
			);
			name = DashboardView;
			sourceTree = "<group>";
		};
		000C4DEB1D1D8A3F0069BA6D /* Donation */ = {
			isa = PBXGroup;
			children = (
				000C4DFB1D1D90C30069BA6D /* Donation Main */,
				000C4DEF1D1D8AEE0069BA6D /* Donation VC */,
				000C4DEC1D1D8A5A0069BA6D /* BaseViewController.h */,
				000C4DED1D1D8A5A0069BA6D /* BaseViewController.m */,
			);
			name = Donation;
			sourceTree = "<group>";
		};
		000C4DEF1D1D8AEE0069BA6D /* Donation VC */ = {
			isa = PBXGroup;
			children = (
				000C4DF01D1D8B090069BA6D /* DonationViewController.h */,
				000C4DF11D1D8B090069BA6D /* DonationViewController.m */,
				000C4DF21D1D8B090069BA6D /* DonationViewController.xib */,
			);
			name = "Donation VC";
			sourceTree = "<group>";
		};
		000C4DF51D1D8E5C0069BA6D /* Main */ = {
			isa = PBXGroup;
			children = (
				000C4DF61D1D8E700069BA6D /* MainViewController.h */,
				000C4DF71D1D8E700069BA6D /* MainViewController.m */,
				000C4DF81D1D8E700069BA6D /* MainViewController.xib */,
			);
			name = Main;
			sourceTree = "<group>";
		};
		000C4DFB1D1D90C30069BA6D /* Donation Main */ = {
			isa = PBXGroup;
			children = (
				000C4DFC1D1D90CF0069BA6D /* DonationMainViewController.h */,
				000C4DFD1D1D90CF0069BA6D /* DonationMainViewController.m */,
			);
			name = "Donation Main";
			sourceTree = "<group>";
		};
		0563A845613CD972F9A2BF69 /* Frameworks */ = {
			isa = PBXGroup;
			children = (
				4FED98358E840D66A56E7B58 /* libPods-Kiosk.a */,
				8847FB81AE0E8E17E70CCC74 /* libPods-KioskTests.a */,
				3B65D57F6EF56BCE8A11908D /* libPods-KioskUITests.a */,
			);
			name = Frameworks;
			sourceTree = "<group>";
		};
		C25EE5BD158EFF30D5BE3DBF /* Pods */ = {
			isa = PBXGroup;
			children = (
				5E5A3304D7B171E0257B934B /* Pods-Kiosk.debug.xcconfig */,
				42F60341A668ABBECCF8DACA /* Pods-Kiosk.release.xcconfig */,
				9C5A83920B8F5B761E5F51D5 /* Pods-KioskTests.debug.xcconfig */,
				7703470AB2903CE6896CC467 /* Pods-KioskTests.release.xcconfig */,
				E903958EEDA0DD7D26B73FCE /* Pods-KioskUITests.debug.xcconfig */,
				82E51D257B0073F726D96228 /* Pods-KioskUITests.release.xcconfig */,
			);
			name = Pods;
			sourceTree = "<group>";
		};
/* End PBXGroup section */

/* Begin PBXNativeTarget section */
		000C4DB01D1D837D0069BA6D /* Kiosk */ = {
			isa = PBXNativeTarget;
			buildConfigurationList = 000C4DDE1D1D837D0069BA6D /* Build configuration list for PBXNativeTarget "Kiosk" */;
			buildPhases = (
				5A7ECB4C0E5AFD186ED40A8D /* [CP] Check Pods Manifest.lock */,
				000C4DAD1D1D837D0069BA6D /* Sources */,
				000C4DAE1D1D837D0069BA6D /* Frameworks */,
				000C4DAF1D1D837D0069BA6D /* Resources */,
				6F4B08D8FE19EA2752141B86 /* [CP] Embed Pods Frameworks */,
				5D63E1778F96802E6E235807 /* [CP] Copy Pods Resources */,
			);
			buildRules = (
			);
			dependencies = (
			);
			name = Kiosk;
			productName = Kiosk;
			productReference = 000C4DB11D1D837D0069BA6D /* Kiosk.app */;
			productType = "com.apple.product-type.application";
		};
		000C4DC91D1D837D0069BA6D /* KioskTests */ = {
			isa = PBXNativeTarget;
			buildConfigurationList = 000C4DE11D1D837D0069BA6D /* Build configuration list for PBXNativeTarget "KioskTests" */;
			buildPhases = (
				3D78E25F5B0CB8E2E4748235 /* [CP] Check Pods Manifest.lock */,
				000C4DC61D1D837D0069BA6D /* Sources */,
				000C4DC71D1D837D0069BA6D /* Frameworks */,
				000C4DC81D1D837D0069BA6D /* Resources */,
				E304D51B1B68A8B04A099395 /* [CP] Embed Pods Frameworks */,
				15B58B142450FB0FC9FC3B29 /* [CP] Copy Pods Resources */,
			);
			buildRules = (
			);
			dependencies = (
				000C4DCC1D1D837D0069BA6D /* PBXTargetDependency */,
			);
			name = KioskTests;
			productName = KioskTests;
			productReference = 000C4DCA1D1D837D0069BA6D /* KioskTests.xctest */;
			productType = "com.apple.product-type.bundle.unit-test";
		};
		000C4DD41D1D837D0069BA6D /* KioskUITests */ = {
			isa = PBXNativeTarget;
			buildConfigurationList = 000C4DE41D1D837D0069BA6D /* Build configuration list for PBXNativeTarget "KioskUITests" */;
			buildPhases = (
				279615C3FE228D5CC521F33D /* [CP] Check Pods Manifest.lock */,
				000C4DD11D1D837D0069BA6D /* Sources */,
				000C4DD21D1D837D0069BA6D /* Frameworks */,
				000C4DD31D1D837D0069BA6D /* Resources */,
				65041B4C0B5C2BF673064DDA /* [CP] Copy Pods Resources */,
			);
			buildRules = (
			);
			dependencies = (
				000C4DD71D1D837D0069BA6D /* PBXTargetDependency */,
			);
			name = KioskUITests;
			productName = KioskUITests;
			productReference = 000C4DD51D1D837D0069BA6D /* KioskUITests.xctest */;
			productType = "com.apple.product-type.bundle.ui-testing";
		};
/* End PBXNativeTarget section */

/* Begin PBXProject section */
		000C4DA91D1D837D0069BA6D /* Project object */ = {
			isa = PBXProject;
			attributes = {
				LastUpgradeCheck = 0730;
				ORGANIZATIONNAME = Arie;
				TargetAttributes = {
					000C4DB01D1D837D0069BA6D = {
						CreatedOnToolsVersion = 7.3.1;
					};
					000C4DC91D1D837D0069BA6D = {
						CreatedOnToolsVersion = 7.3.1;
						TestTargetID = 000C4DB01D1D837D0069BA6D;
					};
					000C4DD41D1D837D0069BA6D = {
						CreatedOnToolsVersion = 7.3.1;
						TestTargetID = 000C4DB01D1D837D0069BA6D;
					};
				};
			};
			buildConfigurationList = 000C4DAC1D1D837D0069BA6D /* Build configuration list for PBXProject "Kiosk" */;
			compatibilityVersion = "Xcode 3.2";
			developmentRegion = English;
			hasScannedForEncodings = 0;
			knownRegions = (
				en,
				Base,
			);
			mainGroup = 000C4DA81D1D837D0069BA6D;
			productRefGroup = 000C4DB21D1D837D0069BA6D /* Products */;
			projectDirPath = "";
			projectRoot = "";
			targets = (
				000C4DB01D1D837D0069BA6D /* Kiosk */,
				000C4DC91D1D837D0069BA6D /* KioskTests */,
				000C4DD41D1D837D0069BA6D /* KioskUITests */,
			);
		};
/* End PBXProject section */

/* Begin PBXResourcesBuildPhase section */
		000C4DAF1D1D837D0069BA6D /* Resources */ = {
			isa = PBXResourcesBuildPhase;
			buildActionMask = 2147483647;
			files = (
				000C4DC41D1D837D0069BA6D /* LaunchScreen.storyboard in Resources */,
				000C4DC11D1D837D0069BA6D /* Assets.xcassets in Resources */,
				000C4DFA1D1D8E710069BA6D /* MainViewController.xib in Resources */,
				000C4DF41D1D8B090069BA6D /* DonationViewController.xib in Resources */,
				000C4DBF1D1D837D0069BA6D /* Main.storyboard in Resources */,
			);
			runOnlyForDeploymentPostprocessing = 0;
		};
		000C4DC81D1D837D0069BA6D /* Resources */ = {
			isa = PBXResourcesBuildPhase;
			buildActionMask = 2147483647;
			files = (
			);
			runOnlyForDeploymentPostprocessing = 0;
		};
		000C4DD31D1D837D0069BA6D /* Resources */ = {
			isa = PBXResourcesBuildPhase;
			buildActionMask = 2147483647;
			files = (
			);
			runOnlyForDeploymentPostprocessing = 0;
		};
/* End PBXResourcesBuildPhase section */

/* Begin PBXShellScriptBuildPhase section */
		15B58B142450FB0FC9FC3B29 /* [CP] Copy Pods Resources */ = {
			isa = PBXShellScriptBuildPhase;
			buildActionMask = 2147483647;
			files = (
			);
			inputPaths = (
			);
			name = "[CP] Copy Pods Resources";
			outputPaths = (
			);
			runOnlyForDeploymentPostprocessing = 0;
			shellPath = /bin/sh;
			shellScript = "\"${SRCROOT}/Pods/Target Support Files/Pods-KioskTests/Pods-KioskTests-resources.sh\"\n";
			showEnvVarsInLog = 0;
		};
		279615C3FE228D5CC521F33D /* [CP] Check Pods Manifest.lock */ = {
			isa = PBXShellScriptBuildPhase;
			buildActionMask = 2147483647;
			files = (
			);
			inputPaths = (
			);
			name = "[CP] Check Pods Manifest.lock";
			outputPaths = (
			);
			runOnlyForDeploymentPostprocessing = 0;
			shellPath = /bin/sh;
			shellScript = "diff \"${PODS_ROOT}/../Podfile.lock\" \"${PODS_ROOT}/Manifest.lock\" > /dev/null\nif [[ $? != 0 ]] ; then\n    cat << EOM\nerror: The sandbox is not in sync with the Podfile.lock. Run 'pod install' or update your CocoaPods installation.\nEOM\n    exit 1\nfi\n";
			showEnvVarsInLog = 0;
		};
		3D78E25F5B0CB8E2E4748235 /* [CP] Check Pods Manifest.lock */ = {
			isa = PBXShellScriptBuildPhase;
			buildActionMask = 2147483647;
			files = (
			);
			inputPaths = (
			);
			name = "[CP] Check Pods Manifest.lock";
			outputPaths = (
			);
			runOnlyForDeploymentPostprocessing = 0;
			shellPath = /bin/sh;
			shellScript = "diff \"${PODS_ROOT}/../Podfile.lock\" \"${PODS_ROOT}/Manifest.lock\" > /dev/null\nif [[ $? != 0 ]] ; then\n    cat << EOM\nerror: The sandbox is not in sync with the Podfile.lock. Run 'pod install' or update your CocoaPods installation.\nEOM\n    exit 1\nfi\n";
			showEnvVarsInLog = 0;
		};
		5A7ECB4C0E5AFD186ED40A8D /* [CP] Check Pods Manifest.lock */ = {
			isa = PBXShellScriptBuildPhase;
			buildActionMask = 2147483647;
			files = (
			);
			inputPaths = (
			);
			name = "[CP] Check Pods Manifest.lock";
			outputPaths = (
			);
			runOnlyForDeploymentPostprocessing = 0;
			shellPath = /bin/sh;
			shellScript = "diff \"${PODS_ROOT}/../Podfile.lock\" \"${PODS_ROOT}/Manifest.lock\" > /dev/null\nif [[ $? != 0 ]] ; then\n    cat << EOM\nerror: The sandbox is not in sync with the Podfile.lock. Run 'pod install' or update your CocoaPods installation.\nEOM\n    exit 1\nfi\n";
			showEnvVarsInLog = 0;
		};
		5D63E1778F96802E6E235807 /* [CP] Copy Pods Resources */ = {
			isa = PBXShellScriptBuildPhase;
			buildActionMask = 2147483647;
			files = (
			);
			inputPaths = (
			);
			name = "[CP] Copy Pods Resources";
			outputPaths = (
			);
			runOnlyForDeploymentPostprocessing = 0;
			shellPath = /bin/sh;
			shellScript = "\"${SRCROOT}/Pods/Target Support Files/Pods-Kiosk/Pods-Kiosk-resources.sh\"\n";
			showEnvVarsInLog = 0;
		};
		65041B4C0B5C2BF673064DDA /* [CP] Copy Pods Resources */ = {
			isa = PBXShellScriptBuildPhase;
			buildActionMask = 2147483647;
			files = (
			);
			inputPaths = (
			);
			name = "[CP] Copy Pods Resources";
			outputPaths = (
			);
			runOnlyForDeploymentPostprocessing = 0;
			shellPath = /bin/sh;
			shellScript = "\"${SRCROOT}/Pods/Target Support Files/Pods-KioskUITests/Pods-KioskUITests-resources.sh\"\n";
			showEnvVarsInLog = 0;
		};
		6F4B08D8FE19EA2752141B86 /* [CP] Embed Pods Frameworks */ = {
			isa = PBXShellScriptBuildPhase;
			buildActionMask = 2147483647;
			files = (
			);
			inputPaths = (
			);
			name = "[CP] Embed Pods Frameworks";
			outputPaths = (
			);
			runOnlyForDeploymentPostprocessing = 0;
			shellPath = /bin/sh;
			shellScript = "\"${SRCROOT}/Pods/Target Support Files/Pods-Kiosk/Pods-Kiosk-frameworks.sh\"\n";
			showEnvVarsInLog = 0;
		};
		E304D51B1B68A8B04A099395 /* [CP] Embed Pods Frameworks */ = {
			isa = PBXShellScriptBuildPhase;
			buildActionMask = 2147483647;
			files = (
			);
			inputPaths = (
			);
			name = "[CP] Embed Pods Frameworks";
			outputPaths = (
			);
			runOnlyForDeploymentPostprocessing = 0;
			shellPath = /bin/sh;
			shellScript = "\"${SRCROOT}/Pods/Target Support Files/Pods-KioskTests/Pods-KioskTests-frameworks.sh\"\n";
			showEnvVarsInLog = 0;
		};
/* End PBXShellScriptBuildPhase section */

/* Begin PBXSourcesBuildPhase section */
		000C4DAD1D1D837D0069BA6D /* Sources */ = {
			isa = PBXSourcesBuildPhase;
			buildActionMask = 2147483647;
			files = (
				000C4DBC1D1D837D0069BA6D /* ViewController.m in Sources */,
				000C4DEE1D1D8A5A0069BA6D /* BaseViewController.m in Sources */,
				000C4DF31D1D8B090069BA6D /* DonationViewController.m in Sources */,
				000C4DB91D1D837D0069BA6D /* AppDelegate.m in Sources */,
				000C4DF91D1D8E710069BA6D /* MainViewController.m in Sources */,
				000C4DB61D1D837D0069BA6D /* main.m in Sources */,
				000C4DEA1D1D87560069BA6D /* DashboardViewController.m in Sources */,
				000C4DFE1D1D90CF0069BA6D /* DonationMainViewController.m in Sources */,
			);
			runOnlyForDeploymentPostprocessing = 0;
		};
		000C4DC61D1D837D0069BA6D /* Sources */ = {
			isa = PBXSourcesBuildPhase;
			buildActionMask = 2147483647;
			files = (
				000C4DCF1D1D837D0069BA6D /* KioskTests.m in Sources */,
			);
			runOnlyForDeploymentPostprocessing = 0;
		};
		000C4DD11D1D837D0069BA6D /* Sources */ = {
			isa = PBXSourcesBuildPhase;
			buildActionMask = 2147483647;
			files = (
				000C4DDA1D1D837D0069BA6D /* KioskUITests.m in Sources */,
			);
			runOnlyForDeploymentPostprocessing = 0;
		};
/* End PBXSourcesBuildPhase section */

/* Begin PBXTargetDependency section */
		000C4DCC1D1D837D0069BA6D /* PBXTargetDependency */ = {
			isa = PBXTargetDependency;
			target = 000C4DB01D1D837D0069BA6D /* Kiosk */;
			targetProxy = 000C4DCB1D1D837D0069BA6D /* PBXContainerItemProxy */;
		};
		000C4DD71D1D837D0069BA6D /* PBXTargetDependency */ = {
			isa = PBXTargetDependency;
			target = 000C4DB01D1D837D0069BA6D /* Kiosk */;
			targetProxy = 000C4DD61D1D837D0069BA6D /* PBXContainerItemProxy */;
		};
/* End PBXTargetDependency section */

/* Begin PBXVariantGroup section */
		000C4DBD1D1D837D0069BA6D /* Main.storyboard */ = {
			isa = PBXVariantGroup;
			children = (
				000C4DBE1D1D837D0069BA6D /* Base */,
			);
			name = Main.storyboard;
			sourceTree = "<group>";
		};
		000C4DC21D1D837D0069BA6D /* LaunchScreen.storyboard */ = {
			isa = PBXVariantGroup;
			children = (
				000C4DC31D1D837D0069BA6D /* Base */,
			);
			name = LaunchScreen.storyboard;
			sourceTree = "<group>";
		};
/* End PBXVariantGroup section */

/* Begin XCBuildConfiguration section */
		000C4DDC1D1D837D0069BA6D /* Debug */ = {
			isa = XCBuildConfiguration;
			buildSettings = {
				ALWAYS_SEARCH_USER_PATHS = NO;
				CLANG_ANALYZER_NONNULL = YES;
				CLANG_CXX_LANGUAGE_STANDARD = "gnu++0x";
				CLANG_CXX_LIBRARY = "libc++";
				CLANG_ENABLE_MODULES = YES;
				CLANG_ENABLE_OBJC_ARC = YES;
				CLANG_WARN_BOOL_CONVERSION = YES;
				CLANG_WARN_CONSTANT_CONVERSION = YES;
				CLANG_WARN_DIRECT_OBJC_ISA_USAGE = YES_ERROR;
				CLANG_WARN_EMPTY_BODY = YES;
				CLANG_WARN_ENUM_CONVERSION = YES;
				CLANG_WARN_INT_CONVERSION = YES;
				CLANG_WARN_OBJC_ROOT_CLASS = YES_ERROR;
				CLANG_WARN_UNREACHABLE_CODE = YES;
				CLANG_WARN__DUPLICATE_METHOD_MATCH = YES;
				"CODE_SIGN_IDENTITY[sdk=iphoneos*]" = "iPhone Developer";
				COPY_PHASE_STRIP = NO;
				DEBUG_INFORMATION_FORMAT = dwarf;
				ENABLE_STRICT_OBJC_MSGSEND = YES;
				ENABLE_TESTABILITY = YES;
				GCC_C_LANGUAGE_STANDARD = gnu99;
				GCC_DYNAMIC_NO_PIC = NO;
				GCC_NO_COMMON_BLOCKS = YES;
				GCC_OPTIMIZATION_LEVEL = 0;
				GCC_PREPROCESSOR_DEFINITIONS = (
					"DEBUG=1",
					"$(inherited)",
				);
				GCC_WARN_64_TO_32_BIT_CONVERSION = YES;
				GCC_WARN_ABOUT_RETURN_TYPE = YES_ERROR;
				GCC_WARN_UNDECLARED_SELECTOR = YES;
				GCC_WARN_UNINITIALIZED_AUTOS = YES_AGGRESSIVE;
				GCC_WARN_UNUSED_FUNCTION = YES;
				GCC_WARN_UNUSED_VARIABLE = YES;
				IPHONEOS_DEPLOYMENT_TARGET = 9.3;
				MTL_ENABLE_DEBUG_INFO = YES;
				ONLY_ACTIVE_ARCH = YES;
				SDKROOT = iphoneos;
				TARGETED_DEVICE_FAMILY = 2;
			};
			name = Debug;
		};
		000C4DDD1D1D837D0069BA6D /* Release */ = {
			isa = XCBuildConfiguration;
			buildSettings = {
				ALWAYS_SEARCH_USER_PATHS = NO;
				CLANG_ANALYZER_NONNULL = YES;
				CLANG_CXX_LANGUAGE_STANDARD = "gnu++0x";
				CLANG_CXX_LIBRARY = "libc++";
				CLANG_ENABLE_MODULES = YES;
				CLANG_ENABLE_OBJC_ARC = YES;
				CLANG_WARN_BOOL_CONVERSION = YES;
				CLANG_WARN_CONSTANT_CONVERSION = YES;
				CLANG_WARN_DIRECT_OBJC_ISA_USAGE = YES_ERROR;
				CLANG_WARN_EMPTY_BODY = YES;
				CLANG_WARN_ENUM_CONVERSION = YES;
				CLANG_WARN_INT_CONVERSION = YES;
				CLANG_WARN_OBJC_ROOT_CLASS = YES_ERROR;
				CLANG_WARN_UNREACHABLE_CODE = YES;
				CLANG_WARN__DUPLICATE_METHOD_MATCH = YES;
				"CODE_SIGN_IDENTITY[sdk=iphoneos*]" = "iPhone Developer";
				COPY_PHASE_STRIP = NO;
				DEBUG_INFORMATION_FORMAT = "dwarf-with-dsym";
				ENABLE_NS_ASSERTIONS = NO;
				ENABLE_STRICT_OBJC_MSGSEND = YES;
				GCC_C_LANGUAGE_STANDARD = gnu99;
				GCC_NO_COMMON_BLOCKS = YES;
				GCC_WARN_64_TO_32_BIT_CONVERSION = YES;
				GCC_WARN_ABOUT_RETURN_TYPE = YES_ERROR;
				GCC_WARN_UNDECLARED_SELECTOR = YES;
				GCC_WARN_UNINITIALIZED_AUTOS = YES_AGGRESSIVE;
				GCC_WARN_UNUSED_FUNCTION = YES;
				GCC_WARN_UNUSED_VARIABLE = YES;
				IPHONEOS_DEPLOYMENT_TARGET = 9.3;
				MTL_ENABLE_DEBUG_INFO = NO;
				SDKROOT = iphoneos;
				TARGETED_DEVICE_FAMILY = 2;
				VALIDATE_PRODUCT = YES;
			};
			name = Release;
		};
		000C4DDF1D1D837D0069BA6D /* Debug */ = {
			isa = XCBuildConfiguration;
			baseConfigurationReference = 5E5A3304D7B171E0257B934B /* Pods-Kiosk.debug.xcconfig */;
			buildSettings = {
				ASSETCATALOG_COMPILER_APPICON_NAME = AppIcon;
				INFOPLIST_FILE = Kiosk/Info.plist;
				LD_RUNPATH_SEARCH_PATHS = "$(inherited) @executable_path/Frameworks";
				PRODUCT_BUNDLE_IDENTIFIER = com.masjidpay.Kiosk;
				PRODUCT_NAME = "$(TARGET_NAME)";
			};
			name = Debug;
		};
		000C4DE01D1D837D0069BA6D /* Release */ = {
			isa = XCBuildConfiguration;
			baseConfigurationReference = 42F60341A668ABBECCF8DACA /* Pods-Kiosk.release.xcconfig */;
			buildSettings = {
				ASSETCATALOG_COMPILER_APPICON_NAME = AppIcon;
				INFOPLIST_FILE = Kiosk/Info.plist;
				LD_RUNPATH_SEARCH_PATHS = "$(inherited) @executable_path/Frameworks";
				PRODUCT_BUNDLE_IDENTIFIER = com.masjidpay.Kiosk;
				PRODUCT_NAME = "$(TARGET_NAME)";
			};
			name = Release;
		};
		000C4DE21D1D837D0069BA6D /* Debug */ = {
			isa = XCBuildConfiguration;
			baseConfigurationReference = 9C5A83920B8F5B761E5F51D5 /* Pods-KioskTests.debug.xcconfig */;
			buildSettings = {
				BUNDLE_LOADER = "$(TEST_HOST)";
				INFOPLIST_FILE = KioskTests/Info.plist;
				LD_RUNPATH_SEARCH_PATHS = "$(inherited) @executable_path/Frameworks @loader_path/Frameworks";
				PRODUCT_BUNDLE_IDENTIFIER = com.masjidpay.KioskTests;
				PRODUCT_NAME = "$(TARGET_NAME)";
				TEST_HOST = "$(BUILT_PRODUCTS_DIR)/Kiosk.app/Kiosk";
			};
			name = Debug;
		};
		000C4DE31D1D837D0069BA6D /* Release */ = {
			isa = XCBuildConfiguration;
			baseConfigurationReference = 7703470AB2903CE6896CC467 /* Pods-KioskTests.release.xcconfig */;
			buildSettings = {
				BUNDLE_LOADER = "$(TEST_HOST)";
				INFOPLIST_FILE = KioskTests/Info.plist;
				LD_RUNPATH_SEARCH_PATHS = "$(inherited) @executable_path/Frameworks @loader_path/Frameworks";
				PRODUCT_BUNDLE_IDENTIFIER = com.masjidpay.KioskTests;
				PRODUCT_NAME = "$(TARGET_NAME)";
				TEST_HOST = "$(BUILT_PRODUCTS_DIR)/Kiosk.app/Kiosk";
			};
			name = Release;
		};
		000C4DE51D1D837D0069BA6D /* Debug */ = {
			isa = XCBuildConfiguration;
			baseConfigurationReference = E903958EEDA0DD7D26B73FCE /* Pods-KioskUITests.debug.xcconfig */;
			buildSettings = {
				INFOPLIST_FILE = KioskUITests/Info.plist;
				LD_RUNPATH_SEARCH_PATHS = "$(inherited) @executable_path/Frameworks @loader_path/Frameworks";
				PRODUCT_BUNDLE_IDENTIFIER = com.masjidpay.KioskUITests;
				PRODUCT_NAME = "$(TARGET_NAME)";
				TEST_TARGET_NAME = Kiosk;
			};
			name = Debug;
		};
		000C4DE61D1D837D0069BA6D /* Release */ = {
			isa = XCBuildConfiguration;
			baseConfigurationReference = 82E51D257B0073F726D96228 /* Pods-KioskUITests.release.xcconfig */;
			buildSettings = {
				INFOPLIST_FILE = KioskUITests/Info.plist;
				LD_RUNPATH_SEARCH_PATHS = "$(inherited) @executable_path/Frameworks @loader_path/Frameworks";
				PRODUCT_BUNDLE_IDENTIFIER = com.masjidpay.KioskUITests;
				PRODUCT_NAME = "$(TARGET_NAME)";
				TEST_TARGET_NAME = Kiosk;
			};
			name = Release;
		};
/* End XCBuildConfiguration section */

/* Begin XCConfigurationList section */
		000C4DAC1D1D837D0069BA6D /* Build configuration list for PBXProject "Kiosk" */ = {
			isa = XCConfigurationList;
			buildConfigurations = (
				000C4DDC1D1D837D0069BA6D /* Debug */,
				000C4DDD1D1D837D0069BA6D /* Release */,
			);
			defaultConfigurationIsVisible = 0;
			defaultConfigurationName = Release;
		};
		000C4DDE1D1D837D0069BA6D /* Build configuration list for PBXNativeTarget "Kiosk" */ = {
			isa = XCConfigurationList;
			buildConfigurations = (
				000C4DDF1D1D837D0069BA6D /* Debug */,
				000C4DE01D1D837D0069BA6D /* Release */,
			);
			defaultConfigurationIsVisible = 0;
			defaultConfigurationName = Release;
		};
		000C4DE11D1D837D0069BA6D /* Build configuration list for PBXNativeTarget "KioskTests" */ = {
			isa = XCConfigurationList;
			buildConfigurations = (
				000C4DE21D1D837D0069BA6D /* Debug */,
				000C4DE31D1D837D0069BA6D /* Release */,
			);
			defaultConfigurationIsVisible = 0;
			defaultConfigurationName = Release;
		};
		000C4DE41D1D837D0069BA6D /* Build configuration list for PBXNativeTarget "KioskUITests" */ = {
			isa = XCConfigurationList;
			buildConfigurations = (
				000C4DE51D1D837D0069BA6D /* Debug */,
				000C4DE61D1D837D0069BA6D /* Release */,
			);
			defaultConfigurationIsVisible = 0;
			defaultConfigurationName = Release;
		};
/* End XCConfigurationList section */
	};
	rootObject = 000C4DA91D1D837D0069BA6D /* Project object */;
}
