// !$*UTF8*$!
{
	archiveVersion = 1;
	classes = {
	};
	objectVersion = 46;
	objects = {

/* Begin PBXBuildFile section */
		0005F64E1D1DA83B0060A25B /* LoginViewController.m in Sources */ = {isa = PBXBuildFile; fileRef = 0005F64C1D1DA83B0060A25B /* LoginViewController.m */; };
		0005F64F1D1DA83B0060A25B /* LoginViewController.xib in Resources */ = {isa = PBXBuildFile; fileRef = 0005F64D1D1DA83B0060A25B /* LoginViewController.xib */; };
		0005F65F1D1DA9780060A25B /* AuthActivateEmail.m in Sources */ = {isa = PBXBuildFile; fileRef = 0005F6531D1DA9780060A25B /* AuthActivateEmail.m */; };
		0005F6601D1DA9780060A25B /* AuthAddress.m in Sources */ = {isa = PBXBuildFile; fileRef = 0005F6551D1DA9780060A25B /* AuthAddress.m */; };
		0005F6611D1DA9780060A25B /* AuthData.m in Sources */ = {isa = PBXBuildFile; fileRef = 0005F6571D1DA9780060A25B /* AuthData.m */; };
		0005F6621D1DA9780060A25B /* AuthGeoLocation.m in Sources */ = {isa = PBXBuildFile; fileRef = 0005F65A1D1DA9780060A25B /* AuthGeoLocation.m */; };
		0005F6631D1DA9780060A25B /* AuthResponse.m in Sources */ = {isa = PBXBuildFile; fileRef = 0005F65C1D1DA9780060A25B /* AuthResponse.m */; };
		0005F6641D1DA9780060A25B /* AuthStripe.m in Sources */ = {isa = PBXBuildFile; fileRef = 0005F65E1D1DA9780060A25B /* AuthStripe.m */; };
		0005F6681D1DAE3C0060A25B /* Util.m in Sources */ = {isa = PBXBuildFile; fileRef = 0005F6671D1DAE3C0060A25B /* Util.m */; };
		0005F66D1D1DAE440060A25B /* CurrencyHelper.m in Sources */ = {isa = PBXBuildFile; fileRef = 0005F66A1D1DAE440060A25B /* CurrencyHelper.m */; };
		0005F6741D1DAE6F0060A25B /* MuseoSans_100.otf in Resources */ = {isa = PBXBuildFile; fileRef = 0005F6701D1DAE6F0060A25B /* MuseoSans_100.otf */; };
		0005F6751D1DAE6F0060A25B /* MuseoSans_300.otf in Resources */ = {isa = PBXBuildFile; fileRef = 0005F6711D1DAE6F0060A25B /* MuseoSans_300.otf */; };
		0005F6761D1DAE6F0060A25B /* MuseoSans_700.otf in Resources */ = {isa = PBXBuildFile; fileRef = 0005F6721D1DAE6F0060A25B /* MuseoSans_700.otf */; };
		0005F6771D1DAE6F0060A25B /* MuseoSans_500.otf in Resources */ = {isa = PBXBuildFile; fileRef = 0005F6731D1DAE6F0060A25B /* MuseoSans_500.otf */; };
		0005F67B1D1DAE960060A25B /* UIColor+Masjidpay.m in Sources */ = {isa = PBXBuildFile; fileRef = 0005F67A1D1DAE960060A25B /* UIColor+Masjidpay.m */; };
		0005F67E1D1DAEAC0060A25B /* SeparatorLineView.m in Sources */ = {isa = PBXBuildFile; fileRef = 0005F67D1D1DAEAC0060A25B /* SeparatorLineView.m */; };
		0005F6811D1DAEB40060A25B /* CustomFormTextField.m in Sources */ = {isa = PBXBuildFile; fileRef = 0005F6801D1DAEB40060A25B /* CustomFormTextField.m */; };
		0005F6841D1DAEBF0060A25B /* PaddedLabel.m in Sources */ = {isa = PBXBuildFile; fileRef = 0005F6831D1DAEBF0060A25B /* PaddedLabel.m */; };
		0005F6871D1DAEC70060A25B /* UINavigationController+ModalOverlay.m in Sources */ = {isa = PBXBuildFile; fileRef = 0005F6861D1DAEC70060A25B /* UINavigationController+ModalOverlay.m */; };
		0005F68B1D1DAED20060A25B /* AlertViewController.m in Sources */ = {isa = PBXBuildFile; fileRef = 0005F6891D1DAED20060A25B /* AlertViewController.m */; };
		0005F68C1D1DAED20060A25B /* AlertViewController.xib in Resources */ = {isa = PBXBuildFile; fileRef = 0005F68A1D1DAED20060A25B /* AlertViewController.xib */; };
		0005F68F1D1DAEDE0060A25B /* UIViewController+ModalOverlay.m in Sources */ = {isa = PBXBuildFile; fileRef = 0005F68E1D1DAEDE0060A25B /* UIViewController+ModalOverlay.m */; };
		0005F6921D1DAEE40060A25B /* PopupSuperView.m in Sources */ = {isa = PBXBuildFile; fileRef = 0005F6911D1DAEE40060A25B /* PopupSuperView.m */; };
		0005F6951D1DAEEB0060A25B /* TransparentView.m in Sources */ = {isa = PBXBuildFile; fileRef = 0005F6941D1DAEEB0060A25B /* TransparentView.m */; };
		0005F6981D1DAEFA0060A25B /* NSString+Validation.m in Sources */ = {isa = PBXBuildFile; fileRef = 0005F6971D1DAEFA0060A25B /* NSString+Validation.m */; };
		0005F69C1D1DB2430060A25B /* APIManager.m in Sources */ = {isa = PBXBuildFile; fileRef = 0005F69B1D1DB2430060A25B /* APIManager.m */; };
		0005F6D31D1DB5640060A25B /* APIHelper.m in Sources */ = {isa = PBXBuildFile; fileRef = 0005F6D21D1DB5640060A25B /* APIHelper.m */; };
		0005F6DB1D1DE27D0060A25B /* PaymentListData.m in Sources */ = {isa = PBXBuildFile; fileRef = 0005F6D71D1DE27D0060A25B /* PaymentListData.m */; };
		0005F6DD1D1DE27D0060A25B /* PaymentListResponse.m in Sources */ = {isa = PBXBuildFile; fileRef = 0005F6DA1D1DE27D0060A25B /* PaymentListResponse.m */; };
		0005F6EF1D1DE37E0060A25B /* ProjectData.m in Sources */ = {isa = PBXBuildFile; fileRef = 0005F6E11D1DE37E0060A25B /* ProjectData.m */; };
		0005F6F11D1DE37E0060A25B /* ProjectEvent.m in Sources */ = {isa = PBXBuildFile; fileRef = 0005F6E41D1DE37E0060A25B /* ProjectEvent.m */; };
		0005F6F31D1DE37E0060A25B /* ProjectParticipant.m in Sources */ = {isa = PBXBuildFile; fileRef = 0005F6E61D1DE37E0060A25B /* ProjectParticipant.m */; };
		0005F6F51D1DE37E0060A25B /* ProjectPostMeta.m in Sources */ = {isa = PBXBuildFile; fileRef = 0005F6E81D1DE37E0060A25B /* ProjectPostMeta.m */; };
		0005F6F71D1DE37E0060A25B /* ProjectProject.m in Sources */ = {isa = PBXBuildFile; fileRef = 0005F6EA1D1DE37E0060A25B /* ProjectProject.m */; };
		0005F6F91D1DE37E0060A25B /* ProjectResponse.m in Sources */ = {isa = PBXBuildFile; fileRef = 0005F6EC1D1DE37E0060A25B /* ProjectResponse.m */; };
		0005F6FB1D1DE37E0060A25B /* ProjectVolunteer.m in Sources */ = {isa = PBXBuildFile; fileRef = 0005F6EE1D1DE37E0060A25B /* ProjectVolunteer.m */; };
		0005F6FF1D1EFFDF0060A25B /* KioskNavigationController.m in Sources */ = {isa = PBXBuildFile; fileRef = 0005F6FE1D1EFFDF0060A25B /* KioskNavigationController.m */; };
		0005F7071D1F087E0060A25B /* DonationListViewController.m in Sources */ = {isa = PBXBuildFile; fileRef = 0005F7031D1F087E0060A25B /* DonationListViewController.m */; };
		0005F7091D1F087E0060A25B /* DonationListViewController.xib in Resources */ = {isa = PBXBuildFile; fileRef = 0005F7041D1F087E0060A25B /* DonationListViewController.xib */; };
		0005F70B1D1F087E0060A25B /* DonationView.m in Sources */ = {isa = PBXBuildFile; fileRef = 0005F7061D1F087E0060A25B /* DonationView.m */; };
		0005F7101D1F088C0060A25B /* DonationTableViewCell.m in Sources */ = {isa = PBXBuildFile; fileRef = 0005F70E1D1F088C0060A25B /* DonationTableViewCell.m */; };
		0005F7121D1F088C0060A25B /* DonationTableViewCell.xib in Resources */ = {isa = PBXBuildFile; fileRef = 0005F70F1D1F088C0060A25B /* DonationTableViewCell.xib */; };
		0005F7161D1F08940060A25B /* DonationListDataSource.m in Sources */ = {isa = PBXBuildFile; fileRef = 0005F7151D1F08940060A25B /* DonationListDataSource.m */; };
		000C4DB61D1D837D0069BA6D /* main.m in Sources */ = {isa = PBXBuildFile; fileRef = 000C4DB51D1D837D0069BA6D /* main.m */; };
		000C4DB91D1D837D0069BA6D /* AppDelegate.m in Sources */ = {isa = PBXBuildFile; fileRef = 000C4DB81D1D837D0069BA6D /* AppDelegate.m */; };
		000C4DBF1D1D837D0069BA6D /* Main.storyboard in Resources */ = {isa = PBXBuildFile; fileRef = 000C4DBD1D1D837D0069BA6D /* Main.storyboard */; };
		000C4DC11D1D837D0069BA6D /* Assets.xcassets in Resources */ = {isa = PBXBuildFile; fileRef = 000C4DC01D1D837D0069BA6D /* Assets.xcassets */; };
		000C4DC41D1D837D0069BA6D /* LaunchScreen.storyboard in Resources */ = {isa = PBXBuildFile; fileRef = 000C4DC21D1D837D0069BA6D /* LaunchScreen.storyboard */; };
		000C4DEA1D1D87560069BA6D /* DashboardViewController.m in Sources */ = {isa = PBXBuildFile; fileRef = 000C4DE91D1D87560069BA6D /* DashboardViewController.m */; };
		000C4DEE1D1D8A5A0069BA6D /* BaseViewController.m in Sources */ = {isa = PBXBuildFile; fileRef = 000C4DED1D1D8A5A0069BA6D /* BaseViewController.m */; };
		000C4DF31D1D8B090069BA6D /* DonationViewController.m in Sources */ = {isa = PBXBuildFile; fileRef = 000C4DF11D1D8B090069BA6D /* DonationViewController.m */; };
		000C4DF41D1D8B090069BA6D /* DonationViewController.xib in Resources */ = {isa = PBXBuildFile; fileRef = 000C4DF21D1D8B090069BA6D /* DonationViewController.xib */; };
		000C4DF91D1D8E710069BA6D /* MainViewController.m in Sources */ = {isa = PBXBuildFile; fileRef = 000C4DF71D1D8E700069BA6D /* MainViewController.m */; };
		000C4DFE1D1D90CF0069BA6D /* DonationMainViewController.m in Sources */ = {isa = PBXBuildFile; fileRef = 000C4DFD1D1D90CF0069BA6D /* DonationMainViewController.m */; };
		00A97C9C1D201DEC0025ADA5 /* AuthResponse.m in Sources */ = {isa = PBXBuildFile; fileRef = 0005F65C1D1DA9780060A25B /* AuthResponse.m */; };
		00A97C9D1D201DEC0025ADA5 /* UINavigationController+ModalOverlay.m in Sources */ = {isa = PBXBuildFile; fileRef = 0005F6861D1DAEC70060A25B /* UINavigationController+ModalOverlay.m */; };
		00A97C9E1D201DEC0025ADA5 /* ProjectEvent.m in Sources */ = {isa = PBXBuildFile; fileRef = 0005F6E41D1DE37E0060A25B /* ProjectEvent.m */; };
		00A97C9F1D201DEC0025ADA5 /* NSString+Validation.m in Sources */ = {isa = PBXBuildFile; fileRef = 0005F6971D1DAEFA0060A25B /* NSString+Validation.m */; };
		00A97CA01D201DEC0025ADA5 /* DonationListDataSource.m in Sources */ = {isa = PBXBuildFile; fileRef = 0005F7151D1F08940060A25B /* DonationListDataSource.m */; };
		00A97CA11D201DEC0025ADA5 /* APIManager.m in Sources */ = {isa = PBXBuildFile; fileRef = 0005F69B1D1DB2430060A25B /* APIManager.m */; };
		00A97CA21D201DEC0025ADA5 /* AuthData.m in Sources */ = {isa = PBXBuildFile; fileRef = 0005F6571D1DA9780060A25B /* AuthData.m */; };
		00A97CA31D201DEC0025ADA5 /* ProjectParticipant.m in Sources */ = {isa = PBXBuildFile; fileRef = 0005F6E61D1DE37E0060A25B /* ProjectParticipant.m */; };
		00A97CA41D201DEC0025ADA5 /* BaseViewController.m in Sources */ = {isa = PBXBuildFile; fileRef = 000C4DED1D1D8A5A0069BA6D /* BaseViewController.m */; };
		00A97CA51D201DEC0025ADA5 /* DonationView.m in Sources */ = {isa = PBXBuildFile; fileRef = 0005F7061D1F087E0060A25B /* DonationView.m */; };
		00A97CA61D201DEC0025ADA5 /* APIHelper.m in Sources */ = {isa = PBXBuildFile; fileRef = 0005F6D21D1DB5640060A25B /* APIHelper.m */; };
		00A97CA71D201DEC0025ADA5 /* KioskNavigationController.m in Sources */ = {isa = PBXBuildFile; fileRef = 0005F6FE1D1EFFDF0060A25B /* KioskNavigationController.m */; };
		00A97CA81D201DEC0025ADA5 /* CurrencyHelper.m in Sources */ = {isa = PBXBuildFile; fileRef = 0005F66A1D1DAE440060A25B /* CurrencyHelper.m */; };
		00A97CA91D201DEC0025ADA5 /* ProjectProject.m in Sources */ = {isa = PBXBuildFile; fileRef = 0005F6EA1D1DE37E0060A25B /* ProjectProject.m */; };
		00A97CAA1D201DEC0025ADA5 /* DonationViewController.m in Sources */ = {isa = PBXBuildFile; fileRef = 000C4DF11D1D8B090069BA6D /* DonationViewController.m */; };
		00A97CAB1D201DEC0025ADA5 /* PopupSuperView.m in Sources */ = {isa = PBXBuildFile; fileRef = 0005F6911D1DAEE40060A25B /* PopupSuperView.m */; };
		00A97CAC1D201DEC0025ADA5 /* DonationListViewController.m in Sources */ = {isa = PBXBuildFile; fileRef = 0005F7031D1F087E0060A25B /* DonationListViewController.m */; };
		00A97CAD1D201DEC0025ADA5 /* AuthActivateEmail.m in Sources */ = {isa = PBXBuildFile; fileRef = 0005F6531D1DA9780060A25B /* AuthActivateEmail.m */; };
		00A97CAE1D201DEC0025ADA5 /* UIColor+Masjidpay.m in Sources */ = {isa = PBXBuildFile; fileRef = 0005F67A1D1DAE960060A25B /* UIColor+Masjidpay.m */; };
		00A97CAF1D201DEC0025ADA5 /* AppDelegate.m in Sources */ = {isa = PBXBuildFile; fileRef = 000C4DB81D1D837D0069BA6D /* AppDelegate.m */; };
		00A97CB01D201DEC0025ADA5 /* DonationTableViewCell.m in Sources */ = {isa = PBXBuildFile; fileRef = 0005F70E1D1F088C0060A25B /* DonationTableViewCell.m */; };
		00A97CB11D201DEC0025ADA5 /* PaymentListData.m in Sources */ = {isa = PBXBuildFile; fileRef = 0005F6D71D1DE27D0060A25B /* PaymentListData.m */; };
		00A97CB21D201DEC0025ADA5 /* AuthAddress.m in Sources */ = {isa = PBXBuildFile; fileRef = 0005F6551D1DA9780060A25B /* AuthAddress.m */; };
		00A97CB31D201DEC0025ADA5 /* PaymentListResponse.m in Sources */ = {isa = PBXBuildFile; fileRef = 0005F6DA1D1DE27D0060A25B /* PaymentListResponse.m */; };
		00A97CB41D201DEC0025ADA5 /* ProjectData.m in Sources */ = {isa = PBXBuildFile; fileRef = 0005F6E11D1DE37E0060A25B /* ProjectData.m */; };
		00A97CB51D201DEC0025ADA5 /* MainViewController.m in Sources */ = {isa = PBXBuildFile; fileRef = 000C4DF71D1D8E700069BA6D /* MainViewController.m */; };
		00A97CB61D201DEC0025ADA5 /* AuthStripe.m in Sources */ = {isa = PBXBuildFile; fileRef = 0005F65E1D1DA9780060A25B /* AuthStripe.m */; };
		00A97CB71D201DEC0025ADA5 /* LoginViewController.m in Sources */ = {isa = PBXBuildFile; fileRef = 0005F64C1D1DA83B0060A25B /* LoginViewController.m */; };
		00A97CB81D201DEC0025ADA5 /* ProjectVolunteer.m in Sources */ = {isa = PBXBuildFile; fileRef = 0005F6EE1D1DE37E0060A25B /* ProjectVolunteer.m */; };
		00A97CB91D201DEC0025ADA5 /* main.m in Sources */ = {isa = PBXBuildFile; fileRef = 000C4DB51D1D837D0069BA6D /* main.m */; };
		00A97CBA1D201DEC0025ADA5 /* PaddedLabel.m in Sources */ = {isa = PBXBuildFile; fileRef = 0005F6831D1DAEBF0060A25B /* PaddedLabel.m */; };
		00A97CBB1D201DEC0025ADA5 /* CustomFormTextField.m in Sources */ = {isa = PBXBuildFile; fileRef = 0005F6801D1DAEB40060A25B /* CustomFormTextField.m */; };
		00A97CBC1D201DEC0025ADA5 /* ProjectResponse.m in Sources */ = {isa = PBXBuildFile; fileRef = 0005F6EC1D1DE37E0060A25B /* ProjectResponse.m */; };
		00A97CBD1D201DEC0025ADA5 /* DashboardViewController.m in Sources */ = {isa = PBXBuildFile; fileRef = 000C4DE91D1D87560069BA6D /* DashboardViewController.m */; };
		00A97CBE1D201DEC0025ADA5 /* DonationMainViewController.m in Sources */ = {isa = PBXBuildFile; fileRef = 000C4DFD1D1D90CF0069BA6D /* DonationMainViewController.m */; };
		00A97CBF1D201DEC0025ADA5 /* AuthGeoLocation.m in Sources */ = {isa = PBXBuildFile; fileRef = 0005F65A1D1DA9780060A25B /* AuthGeoLocation.m */; };
		00A97CC01D201DEC0025ADA5 /* Util.m in Sources */ = {isa = PBXBuildFile; fileRef = 0005F6671D1DAE3C0060A25B /* Util.m */; };
		00A97CC11D201DEC0025ADA5 /* SeparatorLineView.m in Sources */ = {isa = PBXBuildFile; fileRef = 0005F67D1D1DAEAC0060A25B /* SeparatorLineView.m */; };
		00A97CC21D201DEC0025ADA5 /* UIViewController+ModalOverlay.m in Sources */ = {isa = PBXBuildFile; fileRef = 0005F68E1D1DAEDE0060A25B /* UIViewController+ModalOverlay.m */; };
		00A97CC31D201DEC0025ADA5 /* TransparentView.m in Sources */ = {isa = PBXBuildFile; fileRef = 0005F6941D1DAEEB0060A25B /* TransparentView.m */; };
		00A97CC41D201DEC0025ADA5 /* ProjectPostMeta.m in Sources */ = {isa = PBXBuildFile; fileRef = 0005F6E81D1DE37E0060A25B /* ProjectPostMeta.m */; };
		00A97CC51D201DEC0025ADA5 /* AlertViewController.m in Sources */ = {isa = PBXBuildFile; fileRef = 0005F6891D1DAED20060A25B /* AlertViewController.m */; };
		00A97CC71D201DEC0025ADA5 /* libPods-Kiosk.a in Frameworks */ = {isa = PBXBuildFile; fileRef = 4FED98358E840D66A56E7B58 /* libPods-Kiosk.a */; };
		00A97CC91D201DEC0025ADA5 /* MuseoSans_100.otf in Resources */ = {isa = PBXBuildFile; fileRef = 0005F6701D1DAE6F0060A25B /* MuseoSans_100.otf */; };
		00A97CCA1D201DEC0025ADA5 /* LoginViewController.xib in Resources */ = {isa = PBXBuildFile; fileRef = 0005F64D1D1DA83B0060A25B /* LoginViewController.xib */; };
		00A97CCB1D201DEC0025ADA5 /* LaunchScreen.storyboard in Resources */ = {isa = PBXBuildFile; fileRef = 000C4DC21D1D837D0069BA6D /* LaunchScreen.storyboard */; };
		00A97CCC1D201DEC0025ADA5 /* MuseoSans_500.otf in Resources */ = {isa = PBXBuildFile; fileRef = 0005F6731D1DAE6F0060A25B /* MuseoSans_500.otf */; };
		00A97CCD1D201DEC0025ADA5 /* DonationListViewController.xib in Resources */ = {isa = PBXBuildFile; fileRef = 0005F7041D1F087E0060A25B /* DonationListViewController.xib */; };
		00A97CCE1D201DEC0025ADA5 /* DonationTableViewCell.xib in Resources */ = {isa = PBXBuildFile; fileRef = 0005F70F1D1F088C0060A25B /* DonationTableViewCell.xib */; };
		00A97CCF1D201DEC0025ADA5 /* Assets.xcassets in Resources */ = {isa = PBXBuildFile; fileRef = 000C4DC01D1D837D0069BA6D /* Assets.xcassets */; };
		00A97CD01D201DEC0025ADA5 /* MuseoSans_700.otf in Resources */ = {isa = PBXBuildFile; fileRef = 0005F6721D1DAE6F0060A25B /* MuseoSans_700.otf */; };
		00A97CD11D201DEC0025ADA5 /* DonationViewController.xib in Resources */ = {isa = PBXBuildFile; fileRef = 000C4DF21D1D8B090069BA6D /* DonationViewController.xib */; };
		00A97CD21D201DEC0025ADA5 /* MuseoSans_300.otf in Resources */ = {isa = PBXBuildFile; fileRef = 0005F6711D1DAE6F0060A25B /* MuseoSans_300.otf */; };
		00A97CD31D201DEC0025ADA5 /* Main.storyboard in Resources */ = {isa = PBXBuildFile; fileRef = 000C4DBD1D1D837D0069BA6D /* Main.storyboard */; };
		00A97CD41D201DEC0025ADA5 /* AlertViewController.xib in Resources */ = {isa = PBXBuildFile; fileRef = 0005F68A1D1DAED20060A25B /* AlertViewController.xib */; };
		56DB0BC553E8D84652B77A64 /* libPods-Kiosk.a in Frameworks */ = {isa = PBXBuildFile; fileRef = 4FED98358E840D66A56E7B58 /* libPods-Kiosk.a */; };
/* End PBXBuildFile section */

/* Begin PBXFileReference section */
		0005F64B1D1DA83B0060A25B /* LoginViewController.h */ = {isa = PBXFileReference; fileEncoding = 4; lastKnownFileType = sourcecode.c.h; path = LoginViewController.h; sourceTree = "<group>"; };
		0005F64C1D1DA83B0060A25B /* LoginViewController.m */ = {isa = PBXFileReference; fileEncoding = 4; lastKnownFileType = sourcecode.c.objc; path = LoginViewController.m; sourceTree = "<group>"; };
		0005F64D1D1DA83B0060A25B /* LoginViewController.xib */ = {isa = PBXFileReference; fileEncoding = 4; lastKnownFileType = file.xib; path = LoginViewController.xib; sourceTree = "<group>"; };
		0005F6521D1DA9780060A25B /* AuthActivateEmail.h */ = {isa = PBXFileReference; fileEncoding = 4; lastKnownFileType = sourcecode.c.h; path = AuthActivateEmail.h; sourceTree = "<group>"; };
		0005F6531D1DA9780060A25B /* AuthActivateEmail.m */ = {isa = PBXFileReference; fileEncoding = 4; lastKnownFileType = sourcecode.c.objc; path = AuthActivateEmail.m; sourceTree = "<group>"; };
		0005F6541D1DA9780060A25B /* AuthAddress.h */ = {isa = PBXFileReference; fileEncoding = 4; lastKnownFileType = sourcecode.c.h; path = AuthAddress.h; sourceTree = "<group>"; };
		0005F6551D1DA9780060A25B /* AuthAddress.m */ = {isa = PBXFileReference; fileEncoding = 4; lastKnownFileType = sourcecode.c.objc; path = AuthAddress.m; sourceTree = "<group>"; };
		0005F6561D1DA9780060A25B /* AuthData.h */ = {isa = PBXFileReference; fileEncoding = 4; lastKnownFileType = sourcecode.c.h; path = AuthData.h; sourceTree = "<group>"; };
		0005F6571D1DA9780060A25B /* AuthData.m */ = {isa = PBXFileReference; fileEncoding = 4; lastKnownFileType = sourcecode.c.objc; path = AuthData.m; sourceTree = "<group>"; };
		0005F6581D1DA9780060A25B /* AuthDataModels.h */ = {isa = PBXFileReference; fileEncoding = 4; lastKnownFileType = sourcecode.c.h; path = AuthDataModels.h; sourceTree = "<group>"; };
		0005F6591D1DA9780060A25B /* AuthGeoLocation.h */ = {isa = PBXFileReference; fileEncoding = 4; lastKnownFileType = sourcecode.c.h; path = AuthGeoLocation.h; sourceTree = "<group>"; };
		0005F65A1D1DA9780060A25B /* AuthGeoLocation.m */ = {isa = PBXFileReference; fileEncoding = 4; lastKnownFileType = sourcecode.c.objc; path = AuthGeoLocation.m; sourceTree = "<group>"; };
		0005F65B1D1DA9780060A25B /* AuthResponse.h */ = {isa = PBXFileReference; fileEncoding = 4; lastKnownFileType = sourcecode.c.h; path = AuthResponse.h; sourceTree = "<group>"; };
		0005F65C1D1DA9780060A25B /* AuthResponse.m */ = {isa = PBXFileReference; fileEncoding = 4; lastKnownFileType = sourcecode.c.objc; path = AuthResponse.m; sourceTree = "<group>"; };
		0005F65D1D1DA9780060A25B /* AuthStripe.h */ = {isa = PBXFileReference; fileEncoding = 4; lastKnownFileType = sourcecode.c.h; path = AuthStripe.h; sourceTree = "<group>"; };
		0005F65E1D1DA9780060A25B /* AuthStripe.m */ = {isa = PBXFileReference; fileEncoding = 4; lastKnownFileType = sourcecode.c.objc; path = AuthStripe.m; sourceTree = "<group>"; };
		0005F6661D1DAE3C0060A25B /* Util.h */ = {isa = PBXFileReference; fileEncoding = 4; lastKnownFileType = sourcecode.c.h; path = Util.h; sourceTree = "<group>"; };
		0005F6671D1DAE3C0060A25B /* Util.m */ = {isa = PBXFileReference; fileEncoding = 4; lastKnownFileType = sourcecode.c.objc; path = Util.m; sourceTree = "<group>"; };
		0005F6691D1DAE440060A25B /* CurrencyHelper.h */ = {isa = PBXFileReference; fileEncoding = 4; lastKnownFileType = sourcecode.c.h; path = CurrencyHelper.h; sourceTree = "<group>"; };
		0005F66A1D1DAE440060A25B /* CurrencyHelper.m */ = {isa = PBXFileReference; fileEncoding = 4; lastKnownFileType = sourcecode.c.objc; path = CurrencyHelper.m; sourceTree = "<group>"; };
		0005F6701D1DAE6F0060A25B /* MuseoSans_100.otf */ = {isa = PBXFileReference; lastKnownFileType = file; path = MuseoSans_100.otf; sourceTree = "<group>"; };
		0005F6711D1DAE6F0060A25B /* MuseoSans_300.otf */ = {isa = PBXFileReference; lastKnownFileType = file; path = MuseoSans_300.otf; sourceTree = "<group>"; };
		0005F6721D1DAE6F0060A25B /* MuseoSans_700.otf */ = {isa = PBXFileReference; lastKnownFileType = file; path = MuseoSans_700.otf; sourceTree = "<group>"; };
		0005F6731D1DAE6F0060A25B /* MuseoSans_500.otf */ = {isa = PBXFileReference; lastKnownFileType = file; path = MuseoSans_500.otf; sourceTree = "<group>"; };
		0005F6781D1DAE8C0060A25B /* Configs.h */ = {isa = PBXFileReference; fileEncoding = 4; lastKnownFileType = sourcecode.c.h; path = Configs.h; sourceTree = "<group>"; };
		0005F6791D1DAE960060A25B /* UIColor+Masjidpay.h */ = {isa = PBXFileReference; fileEncoding = 4; lastKnownFileType = sourcecode.c.h; path = "UIColor+Masjidpay.h"; sourceTree = "<group>"; };
		0005F67A1D1DAE960060A25B /* UIColor+Masjidpay.m */ = {isa = PBXFileReference; fileEncoding = 4; lastKnownFileType = sourcecode.c.objc; path = "UIColor+Masjidpay.m"; sourceTree = "<group>"; };
		0005F67C1D1DAEAC0060A25B /* SeparatorLineView.h */ = {isa = PBXFileReference; fileEncoding = 4; lastKnownFileType = sourcecode.c.h; path = SeparatorLineView.h; sourceTree = "<group>"; };
		0005F67D1D1DAEAC0060A25B /* SeparatorLineView.m */ = {isa = PBXFileReference; fileEncoding = 4; lastKnownFileType = sourcecode.c.objc; path = SeparatorLineView.m; sourceTree = "<group>"; };
		0005F67F1D1DAEB40060A25B /* CustomFormTextField.h */ = {isa = PBXFileReference; fileEncoding = 4; lastKnownFileType = sourcecode.c.h; path = CustomFormTextField.h; sourceTree = "<group>"; };
		0005F6801D1DAEB40060A25B /* CustomFormTextField.m */ = {isa = PBXFileReference; fileEncoding = 4; lastKnownFileType = sourcecode.c.objc; path = CustomFormTextField.m; sourceTree = "<group>"; };
		0005F6821D1DAEBF0060A25B /* PaddedLabel.h */ = {isa = PBXFileReference; fileEncoding = 4; lastKnownFileType = sourcecode.c.h; path = PaddedLabel.h; sourceTree = "<group>"; };
		0005F6831D1DAEBF0060A25B /* PaddedLabel.m */ = {isa = PBXFileReference; fileEncoding = 4; lastKnownFileType = sourcecode.c.objc; path = PaddedLabel.m; sourceTree = "<group>"; };
		0005F6851D1DAEC70060A25B /* UINavigationController+ModalOverlay.h */ = {isa = PBXFileReference; fileEncoding = 4; lastKnownFileType = sourcecode.c.h; path = "UINavigationController+ModalOverlay.h"; sourceTree = "<group>"; };
		0005F6861D1DAEC70060A25B /* UINavigationController+ModalOverlay.m */ = {isa = PBXFileReference; fileEncoding = 4; lastKnownFileType = sourcecode.c.objc; path = "UINavigationController+ModalOverlay.m"; sourceTree = "<group>"; };
		0005F6881D1DAED20060A25B /* AlertViewController.h */ = {isa = PBXFileReference; fileEncoding = 4; lastKnownFileType = sourcecode.c.h; path = AlertViewController.h; sourceTree = "<group>"; };
		0005F6891D1DAED20060A25B /* AlertViewController.m */ = {isa = PBXFileReference; fileEncoding = 4; lastKnownFileType = sourcecode.c.objc; path = AlertViewController.m; sourceTree = "<group>"; };
		0005F68A1D1DAED20060A25B /* AlertViewController.xib */ = {isa = PBXFileReference; fileEncoding = 4; lastKnownFileType = file.xib; path = AlertViewController.xib; sourceTree = "<group>"; };
		0005F68D1D1DAEDE0060A25B /* UIViewController+ModalOverlay.h */ = {isa = PBXFileReference; fileEncoding = 4; lastKnownFileType = sourcecode.c.h; path = "UIViewController+ModalOverlay.h"; sourceTree = "<group>"; };
		0005F68E1D1DAEDE0060A25B /* UIViewController+ModalOverlay.m */ = {isa = PBXFileReference; fileEncoding = 4; lastKnownFileType = sourcecode.c.objc; path = "UIViewController+ModalOverlay.m"; sourceTree = "<group>"; };
		0005F6901D1DAEE40060A25B /* PopupSuperView.h */ = {isa = PBXFileReference; fileEncoding = 4; lastKnownFileType = sourcecode.c.h; path = PopupSuperView.h; sourceTree = "<group>"; };
		0005F6911D1DAEE40060A25B /* PopupSuperView.m */ = {isa = PBXFileReference; fileEncoding = 4; lastKnownFileType = sourcecode.c.objc; path = PopupSuperView.m; sourceTree = "<group>"; };
		0005F6931D1DAEEB0060A25B /* TransparentView.h */ = {isa = PBXFileReference; fileEncoding = 4; lastKnownFileType = sourcecode.c.h; path = TransparentView.h; sourceTree = "<group>"; };
		0005F6941D1DAEEB0060A25B /* TransparentView.m */ = {isa = PBXFileReference; fileEncoding = 4; lastKnownFileType = sourcecode.c.objc; path = TransparentView.m; sourceTree = "<group>"; };
		0005F6961D1DAEFA0060A25B /* NSString+Validation.h */ = {isa = PBXFileReference; fileEncoding = 4; lastKnownFileType = sourcecode.c.h; path = "NSString+Validation.h"; sourceTree = "<group>"; };
		0005F6971D1DAEFA0060A25B /* NSString+Validation.m */ = {isa = PBXFileReference; fileEncoding = 4; lastKnownFileType = sourcecode.c.objc; path = "NSString+Validation.m"; sourceTree = "<group>"; };
		0005F69A1D1DB2430060A25B /* APIManager.h */ = {isa = PBXFileReference; fileEncoding = 4; lastKnownFileType = sourcecode.c.h; path = APIManager.h; sourceTree = "<group>"; };
		0005F69B1D1DB2430060A25B /* APIManager.m */ = {isa = PBXFileReference; fileEncoding = 4; lastKnownFileType = sourcecode.c.objc; path = APIManager.m; sourceTree = "<group>"; };
		0005F6CF1D1DB3C00060A25B /* Staging-Kiosk.plist */ = {isa = PBXFileReference; lastKnownFileType = text.plist.xml; name = "Staging-Kiosk.plist"; path = "/Users/arie/Documents/work/product/Kiosk/Staging-Kiosk.plist"; sourceTree = "<absolute>"; };
		0005F6D11D1DB5640060A25B /* APIHelper.h */ = {isa = PBXFileReference; fileEncoding = 4; lastKnownFileType = sourcecode.c.h; path = APIHelper.h; sourceTree = "<group>"; };
		0005F6D21D1DB5640060A25B /* APIHelper.m */ = {isa = PBXFileReference; fileEncoding = 4; lastKnownFileType = sourcecode.c.objc; path = APIHelper.m; sourceTree = "<group>"; };
		0005F6D61D1DE27D0060A25B /* PaymentListData.h */ = {isa = PBXFileReference; fileEncoding = 4; lastKnownFileType = sourcecode.c.h; path = PaymentListData.h; sourceTree = "<group>"; };
		0005F6D71D1DE27D0060A25B /* PaymentListData.m */ = {isa = PBXFileReference; fileEncoding = 4; lastKnownFileType = sourcecode.c.objc; path = PaymentListData.m; sourceTree = "<group>"; };
		0005F6D81D1DE27D0060A25B /* PaymentListDataModels.h */ = {isa = PBXFileReference; fileEncoding = 4; lastKnownFileType = sourcecode.c.h; path = PaymentListDataModels.h; sourceTree = "<group>"; };
		0005F6D91D1DE27D0060A25B /* PaymentListResponse.h */ = {isa = PBXFileReference; fileEncoding = 4; lastKnownFileType = sourcecode.c.h; path = PaymentListResponse.h; sourceTree = "<group>"; };
		0005F6DA1D1DE27D0060A25B /* PaymentListResponse.m */ = {isa = PBXFileReference; fileEncoding = 4; lastKnownFileType = sourcecode.c.objc; path = PaymentListResponse.m; sourceTree = "<group>"; };
		0005F6E01D1DE37E0060A25B /* ProjectData.h */ = {isa = PBXFileReference; fileEncoding = 4; lastKnownFileType = sourcecode.c.h; path = ProjectData.h; sourceTree = "<group>"; };
		0005F6E11D1DE37E0060A25B /* ProjectData.m */ = {isa = PBXFileReference; fileEncoding = 4; lastKnownFileType = sourcecode.c.objc; path = ProjectData.m; sourceTree = "<group>"; };
		0005F6E21D1DE37E0060A25B /* ProjectDataModels.h */ = {isa = PBXFileReference; fileEncoding = 4; lastKnownFileType = sourcecode.c.h; path = ProjectDataModels.h; sourceTree = "<group>"; };
		0005F6E31D1DE37E0060A25B /* ProjectEvent.h */ = {isa = PBXFileReference; fileEncoding = 4; lastKnownFileType = sourcecode.c.h; path = ProjectEvent.h; sourceTree = "<group>"; };
		0005F6E41D1DE37E0060A25B /* ProjectEvent.m */ = {isa = PBXFileReference; fileEncoding = 4; lastKnownFileType = sourcecode.c.objc; path = ProjectEvent.m; sourceTree = "<group>"; };
		0005F6E51D1DE37E0060A25B /* ProjectParticipant.h */ = {isa = PBXFileReference; fileEncoding = 4; lastKnownFileType = sourcecode.c.h; path = ProjectParticipant.h; sourceTree = "<group>"; };
		0005F6E61D1DE37E0060A25B /* ProjectParticipant.m */ = {isa = PBXFileReference; fileEncoding = 4; lastKnownFileType = sourcecode.c.objc; path = ProjectParticipant.m; sourceTree = "<group>"; };
		0005F6E71D1DE37E0060A25B /* ProjectPostMeta.h */ = {isa = PBXFileReference; fileEncoding = 4; lastKnownFileType = sourcecode.c.h; path = ProjectPostMeta.h; sourceTree = "<group>"; };
		0005F6E81D1DE37E0060A25B /* ProjectPostMeta.m */ = {isa = PBXFileReference; fileEncoding = 4; lastKnownFileType = sourcecode.c.objc; path = ProjectPostMeta.m; sourceTree = "<group>"; };
		0005F6E91D1DE37E0060A25B /* ProjectProject.h */ = {isa = PBXFileReference; fileEncoding = 4; lastKnownFileType = sourcecode.c.h; path = ProjectProject.h; sourceTree = "<group>"; };
		0005F6EA1D1DE37E0060A25B /* ProjectProject.m */ = {isa = PBXFileReference; fileEncoding = 4; lastKnownFileType = sourcecode.c.objc; path = ProjectProject.m; sourceTree = "<group>"; };
		0005F6EB1D1DE37E0060A25B /* ProjectResponse.h */ = {isa = PBXFileReference; fileEncoding = 4; lastKnownFileType = sourcecode.c.h; path = ProjectResponse.h; sourceTree = "<group>"; };
		0005F6EC1D1DE37E0060A25B /* ProjectResponse.m */ = {isa = PBXFileReference; fileEncoding = 4; lastKnownFileType = sourcecode.c.objc; path = ProjectResponse.m; sourceTree = "<group>"; };
		0005F6ED1D1DE37E0060A25B /* ProjectVolunteer.h */ = {isa = PBXFileReference; fileEncoding = 4; lastKnownFileType = sourcecode.c.h; path = ProjectVolunteer.h; sourceTree = "<group>"; };
		0005F6EE1D1DE37E0060A25B /* ProjectVolunteer.m */ = {isa = PBXFileReference; fileEncoding = 4; lastKnownFileType = sourcecode.c.objc; path = ProjectVolunteer.m; sourceTree = "<group>"; };
		0005F6FD1D1EFFDF0060A25B /* KioskNavigationController.h */ = {isa = PBXFileReference; fileEncoding = 4; lastKnownFileType = sourcecode.c.h; path = KioskNavigationController.h; sourceTree = "<group>"; };
		0005F6FE1D1EFFDF0060A25B /* KioskNavigationController.m */ = {isa = PBXFileReference; fileEncoding = 4; lastKnownFileType = sourcecode.c.objc; path = KioskNavigationController.m; sourceTree = "<group>"; };
		0005F7021D1F087E0060A25B /* DonationListViewController.h */ = {isa = PBXFileReference; fileEncoding = 4; lastKnownFileType = sourcecode.c.h; path = DonationListViewController.h; sourceTree = "<group>"; };
		0005F7031D1F087E0060A25B /* DonationListViewController.m */ = {isa = PBXFileReference; fileEncoding = 4; lastKnownFileType = sourcecode.c.objc; path = DonationListViewController.m; sourceTree = "<group>"; };
		0005F7041D1F087E0060A25B /* DonationListViewController.xib */ = {isa = PBXFileReference; fileEncoding = 4; lastKnownFileType = file.xib; path = DonationListViewController.xib; sourceTree = "<group>"; };
		0005F7051D1F087E0060A25B /* DonationView.h */ = {isa = PBXFileReference; fileEncoding = 4; lastKnownFileType = sourcecode.c.h; path = DonationView.h; sourceTree = "<group>"; };
		0005F7061D1F087E0060A25B /* DonationView.m */ = {isa = PBXFileReference; fileEncoding = 4; lastKnownFileType = sourcecode.c.objc; path = DonationView.m; sourceTree = "<group>"; };
		0005F70D1D1F088C0060A25B /* DonationTableViewCell.h */ = {isa = PBXFileReference; fileEncoding = 4; lastKnownFileType = sourcecode.c.h; path = DonationTableViewCell.h; sourceTree = "<group>"; };
		0005F70E1D1F088C0060A25B /* DonationTableViewCell.m */ = {isa = PBXFileReference; fileEncoding = 4; lastKnownFileType = sourcecode.c.objc; path = DonationTableViewCell.m; sourceTree = "<group>"; };
		0005F70F1D1F088C0060A25B /* DonationTableViewCell.xib */ = {isa = PBXFileReference; fileEncoding = 4; lastKnownFileType = file.xib; path = DonationTableViewCell.xib; sourceTree = "<group>"; };
		0005F7141D1F08940060A25B /* DonationListDataSource.h */ = {isa = PBXFileReference; fileEncoding = 4; lastKnownFileType = sourcecode.c.h; path = DonationListDataSource.h; sourceTree = "<group>"; };
		0005F7151D1F08940060A25B /* DonationListDataSource.m */ = {isa = PBXFileReference; fileEncoding = 4; lastKnownFileType = sourcecode.c.objc; path = DonationListDataSource.m; sourceTree = "<group>"; };
		000C4DB11D1D837D0069BA6D /* Kiosk.app */ = {isa = PBXFileReference; explicitFileType = wrapper.application; includeInIndex = 0; path = Kiosk.app; sourceTree = BUILT_PRODUCTS_DIR; };
		000C4DB51D1D837D0069BA6D /* main.m */ = {isa = PBXFileReference; lastKnownFileType = sourcecode.c.objc; path = main.m; sourceTree = "<group>"; };
		000C4DB71D1D837D0069BA6D /* AppDelegate.h */ = {isa = PBXFileReference; lastKnownFileType = sourcecode.c.h; path = AppDelegate.h; sourceTree = "<group>"; };
		000C4DB81D1D837D0069BA6D /* AppDelegate.m */ = {isa = PBXFileReference; lastKnownFileType = sourcecode.c.objc; path = AppDelegate.m; sourceTree = "<group>"; };
		000C4DBE1D1D837D0069BA6D /* Base */ = {isa = PBXFileReference; lastKnownFileType = file.storyboard; name = Base; path = Base.lproj/Main.storyboard; sourceTree = "<group>"; };
		000C4DC01D1D837D0069BA6D /* Assets.xcassets */ = {isa = PBXFileReference; lastKnownFileType = folder.assetcatalog; path = Assets.xcassets; sourceTree = "<group>"; };
		000C4DC31D1D837D0069BA6D /* Base */ = {isa = PBXFileReference; lastKnownFileType = file.storyboard; name = Base; path = Base.lproj/LaunchScreen.storyboard; sourceTree = "<group>"; };
		000C4DC51D1D837D0069BA6D /* Info.plist */ = {isa = PBXFileReference; lastKnownFileType = text.plist.xml; path = Info.plist; sourceTree = "<group>"; };
		000C4DCE1D1D837D0069BA6D /* KioskTests.m */ = {isa = PBXFileReference; lastKnownFileType = sourcecode.c.objc; path = KioskTests.m; sourceTree = "<group>"; };
		000C4DD01D1D837D0069BA6D /* Info.plist */ = {isa = PBXFileReference; lastKnownFileType = text.plist.xml; path = Info.plist; sourceTree = "<group>"; };
		000C4DD91D1D837D0069BA6D /* KioskUITests.m */ = {isa = PBXFileReference; lastKnownFileType = sourcecode.c.objc; path = KioskUITests.m; sourceTree = "<group>"; };
		000C4DDB1D1D837D0069BA6D /* Info.plist */ = {isa = PBXFileReference; lastKnownFileType = text.plist.xml; path = Info.plist; sourceTree = "<group>"; };
		000C4DE81D1D87560069BA6D /* DashboardViewController.h */ = {isa = PBXFileReference; fileEncoding = 4; lastKnownFileType = sourcecode.c.h; path = DashboardViewController.h; sourceTree = "<group>"; };
		000C4DE91D1D87560069BA6D /* DashboardViewController.m */ = {isa = PBXFileReference; fileEncoding = 4; lastKnownFileType = sourcecode.c.objc; path = DashboardViewController.m; sourceTree = "<group>"; };
		000C4DEC1D1D8A5A0069BA6D /* BaseViewController.h */ = {isa = PBXFileReference; fileEncoding = 4; lastKnownFileType = sourcecode.c.h; path = BaseViewController.h; sourceTree = "<group>"; };
		000C4DED1D1D8A5A0069BA6D /* BaseViewController.m */ = {isa = PBXFileReference; fileEncoding = 4; lastKnownFileType = sourcecode.c.objc; path = BaseViewController.m; sourceTree = "<group>"; };
		000C4DF01D1D8B090069BA6D /* DonationViewController.h */ = {isa = PBXFileReference; fileEncoding = 4; lastKnownFileType = sourcecode.c.h; path = DonationViewController.h; sourceTree = "<group>"; };
		000C4DF11D1D8B090069BA6D /* DonationViewController.m */ = {isa = PBXFileReference; fileEncoding = 4; lastKnownFileType = sourcecode.c.objc; path = DonationViewController.m; sourceTree = "<group>"; };
		000C4DF21D1D8B090069BA6D /* DonationViewController.xib */ = {isa = PBXFileReference; fileEncoding = 4; lastKnownFileType = file.xib; path = DonationViewController.xib; sourceTree = "<group>"; };
		000C4DF61D1D8E700069BA6D /* MainViewController.h */ = {isa = PBXFileReference; fileEncoding = 4; lastKnownFileType = sourcecode.c.h; path = MainViewController.h; sourceTree = "<group>"; };
		000C4DF71D1D8E700069BA6D /* MainViewController.m */ = {isa = PBXFileReference; fileEncoding = 4; lastKnownFileType = sourcecode.c.objc; path = MainViewController.m; sourceTree = "<group>"; };
		000C4DFC1D1D90CF0069BA6D /* DonationMainViewController.h */ = {isa = PBXFileReference; fileEncoding = 4; lastKnownFileType = sourcecode.c.h; path = DonationMainViewController.h; sourceTree = "<group>"; };
		000C4DFD1D1D90CF0069BA6D /* DonationMainViewController.m */ = {isa = PBXFileReference; fileEncoding = 4; lastKnownFileType = sourcecode.c.objc; path = DonationMainViewController.m; sourceTree = "<group>"; };
		001728521D201BFA00E8C2A0 /* libPods-Kiosk.a */ = {isa = PBXFileReference; lastKnownFileType = archive.ar; name = "libPods-Kiosk.a"; path = "Pods/../build/Debug-iphoneos/libPods-Kiosk.a"; sourceTree = "<group>"; };
		00A97CDA1D201DEC0025ADA5 /* Kiosk Staging.app */ = {isa = PBXFileReference; explicitFileType = wrapper.application; includeInIndex = 0; path = "Kiosk Staging.app"; sourceTree = BUILT_PRODUCTS_DIR; };
		00A97CDB1D201DED0025ADA5 /* Kiosk copy-Info.plist */ = {isa = PBXFileReference; lastKnownFileType = text.plist.xml; name = "Kiosk copy-Info.plist"; path = "/Users/arie/Documents/work/product/Kiosk/Kiosk copy-Info.plist"; sourceTree = "<absolute>"; };
		2606EF5236EAB6A0F0A09EE9 /* Pods-Kiosk.release.xcconfig */ = {isa = PBXFileReference; includeInIndex = 1; lastKnownFileType = text.xcconfig; name = "Pods-Kiosk.release.xcconfig"; path = "Pods/Target Support Files/Pods-Kiosk/Pods-Kiosk.release.xcconfig"; sourceTree = "<group>"; };
		3B65D57F6EF56BCE8A11908D /* libPods-KioskUITests.a */ = {isa = PBXFileReference; explicitFileType = archive.ar; includeInIndex = 0; path = "libPods-KioskUITests.a"; sourceTree = BUILT_PRODUCTS_DIR; };
		44E2E40C4DAC0D3FCC8F62F3 /* Pods-Kiosk.debug.xcconfig */ = {isa = PBXFileReference; includeInIndex = 1; lastKnownFileType = text.xcconfig; name = "Pods-Kiosk.debug.xcconfig"; path = "Pods/Target Support Files/Pods-Kiosk/Pods-Kiosk.debug.xcconfig"; sourceTree = "<group>"; };
		4FED98358E840D66A56E7B58 /* libPods-Kiosk.a */ = {isa = PBXFileReference; explicitFileType = archive.ar; includeInIndex = 0; path = "libPods-Kiosk.a"; sourceTree = BUILT_PRODUCTS_DIR; };
		7703470AB2903CE6896CC467 /* Pods-KioskTests.release.xcconfig */ = {isa = PBXFileReference; includeInIndex = 1; lastKnownFileType = text.xcconfig; name = "Pods-KioskTests.release.xcconfig"; path = "Pods/Target Support Files/Pods-KioskTests/Pods-KioskTests.release.xcconfig"; sourceTree = "<group>"; };
		82E51D257B0073F726D96228 /* Pods-KioskUITests.release.xcconfig */ = {isa = PBXFileReference; includeInIndex = 1; lastKnownFileType = text.xcconfig; name = "Pods-KioskUITests.release.xcconfig"; path = "Pods/Target Support Files/Pods-KioskUITests/Pods-KioskUITests.release.xcconfig"; sourceTree = "<group>"; };
		8847FB81AE0E8E17E70CCC74 /* libPods-KioskTests.a */ = {isa = PBXFileReference; explicitFileType = archive.ar; includeInIndex = 0; path = "libPods-KioskTests.a"; sourceTree = BUILT_PRODUCTS_DIR; };
		9C5A83920B8F5B761E5F51D5 /* Pods-KioskTests.debug.xcconfig */ = {isa = PBXFileReference; includeInIndex = 1; lastKnownFileType = text.xcconfig; name = "Pods-KioskTests.debug.xcconfig"; path = "Pods/Target Support Files/Pods-KioskTests/Pods-KioskTests.debug.xcconfig"; sourceTree = "<group>"; };
		E903958EEDA0DD7D26B73FCE /* Pods-KioskUITests.debug.xcconfig */ = {isa = PBXFileReference; includeInIndex = 1; lastKnownFileType = text.xcconfig; name = "Pods-KioskUITests.debug.xcconfig"; path = "Pods/Target Support Files/Pods-KioskUITests/Pods-KioskUITests.debug.xcconfig"; sourceTree = "<group>"; };
/* End PBXFileReference section */

/* Begin PBXFrameworksBuildPhase section */
		000C4DAE1D1D837D0069BA6D /* Frameworks */ = {
			isa = PBXFrameworksBuildPhase;
			buildActionMask = 2147483647;
			files = (
				56DB0BC553E8D84652B77A64 /* libPods-Kiosk.a in Frameworks */,
			);
			runOnlyForDeploymentPostprocessing = 0;
		};
		00A97CC61D201DEC0025ADA5 /* Frameworks */ = {
			isa = PBXFrameworksBuildPhase;
			buildActionMask = 2147483647;
			files = (
				00A97CC71D201DEC0025ADA5 /* libPods-Kiosk.a in Frameworks */,
			);
			runOnlyForDeploymentPostprocessing = 0;
		};
/* End PBXFrameworksBuildPhase section */

/* Begin PBXGroup section */
		0005F64A1D1DA8290060A25B /* Login */ = {
			isa = PBXGroup;
			children = (
				0005F64B1D1DA83B0060A25B /* LoginViewController.h */,
				0005F64C1D1DA83B0060A25B /* LoginViewController.m */,
				0005F64D1D1DA83B0060A25B /* LoginViewController.xib */,
			);
			name = Login;
			sourceTree = "<group>";
		};
		0005F6501D1DA9640060A25B /* Model */ = {
			isa = PBXGroup;
			children = (
				0005F6DF1D1DE37E0060A25B /* Project */,
				0005F6D51D1DE27D0060A25B /* Payment */,
				0005F6511D1DA9780060A25B /* Auth */,
			);
			name = Model;
			sourceTree = "<group>";
		};
		0005F6511D1DA9780060A25B /* Auth */ = {
			isa = PBXGroup;
			children = (
				0005F6521D1DA9780060A25B /* AuthActivateEmail.h */,
				0005F6531D1DA9780060A25B /* AuthActivateEmail.m */,
				0005F6541D1DA9780060A25B /* AuthAddress.h */,
				0005F6551D1DA9780060A25B /* AuthAddress.m */,
				0005F6561D1DA9780060A25B /* AuthData.h */,
				0005F6571D1DA9780060A25B /* AuthData.m */,
				0005F6581D1DA9780060A25B /* AuthDataModels.h */,
				0005F6591D1DA9780060A25B /* AuthGeoLocation.h */,
				0005F65A1D1DA9780060A25B /* AuthGeoLocation.m */,
				0005F65B1D1DA9780060A25B /* AuthResponse.h */,
				0005F65C1D1DA9780060A25B /* AuthResponse.m */,
				0005F65D1D1DA9780060A25B /* AuthStripe.h */,
				0005F65E1D1DA9780060A25B /* AuthStripe.m */,
			);
			path = Auth;
			sourceTree = "<group>";
		};
		0005F6651D1DAE350060A25B /* Common */ = {
			isa = PBXGroup;
			children = (
				0005F6961D1DAEFA0060A25B /* NSString+Validation.h */,
				0005F6971D1DAEFA0060A25B /* NSString+Validation.m */,
				0005F6931D1DAEEB0060A25B /* TransparentView.h */,
				0005F6941D1DAEEB0060A25B /* TransparentView.m */,
				0005F6901D1DAEE40060A25B /* PopupSuperView.h */,
				0005F6911D1DAEE40060A25B /* PopupSuperView.m */,
				0005F68D1D1DAEDE0060A25B /* UIViewController+ModalOverlay.h */,
				0005F68E1D1DAEDE0060A25B /* UIViewController+ModalOverlay.m */,
				0005F6881D1DAED20060A25B /* AlertViewController.h */,
				0005F6891D1DAED20060A25B /* AlertViewController.m */,
				0005F68A1D1DAED20060A25B /* AlertViewController.xib */,
				0005F6851D1DAEC70060A25B /* UINavigationController+ModalOverlay.h */,
				0005F6861D1DAEC70060A25B /* UINavigationController+ModalOverlay.m */,
				0005F6821D1DAEBF0060A25B /* PaddedLabel.h */,
				0005F6831D1DAEBF0060A25B /* PaddedLabel.m */,
				0005F67F1D1DAEB40060A25B /* CustomFormTextField.h */,
				0005F6801D1DAEB40060A25B /* CustomFormTextField.m */,
				0005F67C1D1DAEAC0060A25B /* SeparatorLineView.h */,
				0005F67D1D1DAEAC0060A25B /* SeparatorLineView.m */,
				0005F6791D1DAE960060A25B /* UIColor+Masjidpay.h */,
				0005F67A1D1DAE960060A25B /* UIColor+Masjidpay.m */,
				0005F6781D1DAE8C0060A25B /* Configs.h */,
				0005F66F1D1DAE5C0060A25B /* Font */,
				0005F6691D1DAE440060A25B /* CurrencyHelper.h */,
				0005F66A1D1DAE440060A25B /* CurrencyHelper.m */,
				0005F6661D1DAE3C0060A25B /* Util.h */,
				0005F6671D1DAE3C0060A25B /* Util.m */,
			);
			name = Common;
			sourceTree = "<group>";
		};
		0005F66F1D1DAE5C0060A25B /* Font */ = {
			isa = PBXGroup;
			children = (
				0005F6701D1DAE6F0060A25B /* MuseoSans_100.otf */,
				0005F6711D1DAE6F0060A25B /* MuseoSans_300.otf */,
				0005F6721D1DAE6F0060A25B /* MuseoSans_700.otf */,
				0005F6731D1DAE6F0060A25B /* MuseoSans_500.otf */,
			);
			name = Font;
			sourceTree = "<group>";
		};
		0005F6991D1DB23B0060A25B /* Manager */ = {
			isa = PBXGroup;
			children = (
				0005F69A1D1DB2430060A25B /* APIManager.h */,
				0005F69B1D1DB2430060A25B /* APIManager.m */,
			);
			name = Manager;
			sourceTree = "<group>";
		};
		0005F6D01D1DB55C0060A25B /* Helper */ = {
			isa = PBXGroup;
			children = (
				0005F6D11D1DB5640060A25B /* APIHelper.h */,
				0005F6D21D1DB5640060A25B /* APIHelper.m */,
			);
			name = Helper;
			sourceTree = "<group>";
		};
		0005F6D51D1DE27D0060A25B /* Payment */ = {
			isa = PBXGroup;
			children = (
				0005F6D61D1DE27D0060A25B /* PaymentListData.h */,
				0005F6D71D1DE27D0060A25B /* PaymentListData.m */,
				0005F6D81D1DE27D0060A25B /* PaymentListDataModels.h */,
				0005F6D91D1DE27D0060A25B /* PaymentListResponse.h */,
				0005F6DA1D1DE27D0060A25B /* PaymentListResponse.m */,
			);
			path = Payment;
			sourceTree = "<group>";
		};
		0005F6DF1D1DE37E0060A25B /* Project */ = {
			isa = PBXGroup;
			children = (
				0005F6E01D1DE37E0060A25B /* ProjectData.h */,
				0005F6E11D1DE37E0060A25B /* ProjectData.m */,
				0005F6E21D1DE37E0060A25B /* ProjectDataModels.h */,
				0005F6E31D1DE37E0060A25B /* ProjectEvent.h */,
				0005F6E41D1DE37E0060A25B /* ProjectEvent.m */,
				0005F6E51D1DE37E0060A25B /* ProjectParticipant.h */,
				0005F6E61D1DE37E0060A25B /* ProjectParticipant.m */,
				0005F6E71D1DE37E0060A25B /* ProjectPostMeta.h */,
				0005F6E81D1DE37E0060A25B /* ProjectPostMeta.m */,
				0005F6E91D1DE37E0060A25B /* ProjectProject.h */,
				0005F6EA1D1DE37E0060A25B /* ProjectProject.m */,
				0005F6EB1D1DE37E0060A25B /* ProjectResponse.h */,
				0005F6EC1D1DE37E0060A25B /* ProjectResponse.m */,
				0005F6ED1D1DE37E0060A25B /* ProjectVolunteer.h */,
				0005F6EE1D1DE37E0060A25B /* ProjectVolunteer.m */,
			);
			path = Project;
			sourceTree = "<group>";
		};
		0005F7011D1F08760060A25B /* DonationLIst */ = {
			isa = PBXGroup;
			children = (
				0005F7141D1F08940060A25B /* DonationListDataSource.h */,
				0005F7151D1F08940060A25B /* DonationListDataSource.m */,
				0005F70D1D1F088C0060A25B /* DonationTableViewCell.h */,
				0005F70E1D1F088C0060A25B /* DonationTableViewCell.m */,
				0005F70F1D1F088C0060A25B /* DonationTableViewCell.xib */,
				0005F7021D1F087E0060A25B /* DonationListViewController.h */,
				0005F7031D1F087E0060A25B /* DonationListViewController.m */,
				0005F7041D1F087E0060A25B /* DonationListViewController.xib */,
				0005F7051D1F087E0060A25B /* DonationView.h */,
				0005F7061D1F087E0060A25B /* DonationView.m */,
			);
			name = DonationLIst;
			sourceTree = "<group>";
		};
		000C4DA81D1D837D0069BA6D = {
			isa = PBXGroup;
			children = (
				000C4DB31D1D837D0069BA6D /* Kiosk */,
				000C4DCD1D1D837D0069BA6D /* KioskTests */,
				000C4DD81D1D837D0069BA6D /* KioskUITests */,
				000C4DB21D1D837D0069BA6D /* Products */,
				C25EE5BD158EFF30D5BE3DBF /* Pods */,
				0563A845613CD972F9A2BF69 /* Frameworks */,
				00A97CDB1D201DED0025ADA5 /* Kiosk copy-Info.plist */,
			);
			sourceTree = "<group>";
		};
		000C4DB21D1D837D0069BA6D /* Products */ = {
			isa = PBXGroup;
			children = (
				000C4DB11D1D837D0069BA6D /* Kiosk.app */,
				00A97CDA1D201DEC0025ADA5 /* Kiosk Staging.app */,
			);
			name = Products;
			sourceTree = "<group>";
		};
		000C4DB31D1D837D0069BA6D /* Kiosk */ = {
			isa = PBXGroup;
			children = (
				0005F6D01D1DB55C0060A25B /* Helper */,
				0005F6991D1DB23B0060A25B /* Manager */,
				0005F6651D1DAE350060A25B /* Common */,
				0005F6501D1DA9640060A25B /* Model */,
				0005F64A1D1DA8290060A25B /* Login */,
				000C4DF51D1D8E5C0069BA6D /* Main */,
				000C4DEB1D1D8A3F0069BA6D /* Donation */,
				000C4DE71D1D873A0069BA6D /* DashboardView */,
				000C4DB71D1D837D0069BA6D /* AppDelegate.h */,
				000C4DB81D1D837D0069BA6D /* AppDelegate.m */,
				000C4DBD1D1D837D0069BA6D /* Main.storyboard */,
				000C4DC01D1D837D0069BA6D /* Assets.xcassets */,
				000C4DC21D1D837D0069BA6D /* LaunchScreen.storyboard */,
				000C4DC51D1D837D0069BA6D /* Info.plist */,
				0005F6CF1D1DB3C00060A25B /* Staging-Kiosk.plist */,
				000C4DB41D1D837D0069BA6D /* Supporting Files */,
			);
			path = Kiosk;
			sourceTree = "<group>";
		};
		000C4DB41D1D837D0069BA6D /* Supporting Files */ = {
			isa = PBXGroup;
			children = (
				000C4DB51D1D837D0069BA6D /* main.m */,
			);
			name = "Supporting Files";
			sourceTree = "<group>";
		};
		000C4DCD1D1D837D0069BA6D /* KioskTests */ = {
			isa = PBXGroup;
			children = (
				000C4DCE1D1D837D0069BA6D /* KioskTests.m */,
				000C4DD01D1D837D0069BA6D /* Info.plist */,
			);
			path = KioskTests;
			sourceTree = "<group>";
		};
		000C4DD81D1D837D0069BA6D /* KioskUITests */ = {
			isa = PBXGroup;
			children = (
				000C4DD91D1D837D0069BA6D /* KioskUITests.m */,
				000C4DDB1D1D837D0069BA6D /* Info.plist */,
			);
			path = KioskUITests;
			sourceTree = "<group>";
		};
		000C4DE71D1D873A0069BA6D /* DashboardView */ = {
			isa = PBXGroup;
			children = (
				000C4DE81D1D87560069BA6D /* DashboardViewController.h */,
				000C4DE91D1D87560069BA6D /* DashboardViewController.m */,
			);
			name = DashboardView;
			sourceTree = "<group>";
		};
		000C4DEB1D1D8A3F0069BA6D /* Donation */ = {
			isa = PBXGroup;
			children = (
				0005F7011D1F08760060A25B /* DonationLIst */,
				000C4DFB1D1D90C30069BA6D /* Donation Main */,
				000C4DEF1D1D8AEE0069BA6D /* Donation VC */,
				000C4DEC1D1D8A5A0069BA6D /* BaseViewController.h */,
				000C4DED1D1D8A5A0069BA6D /* BaseViewController.m */,
				0005F6FD1D1EFFDF0060A25B /* KioskNavigationController.h */,
				0005F6FE1D1EFFDF0060A25B /* KioskNavigationController.m */,
			);
			name = Donation;
			sourceTree = "<group>";
		};
		000C4DEF1D1D8AEE0069BA6D /* Donation VC */ = {
			isa = PBXGroup;
			children = (
				000C4DF01D1D8B090069BA6D /* DonationViewController.h */,
				000C4DF11D1D8B090069BA6D /* DonationViewController.m */,
				000C4DF21D1D8B090069BA6D /* DonationViewController.xib */,
			);
			name = "Donation VC";
			sourceTree = "<group>";
		};
		000C4DF51D1D8E5C0069BA6D /* Main */ = {
			isa = PBXGroup;
			children = (
				000C4DF61D1D8E700069BA6D /* MainViewController.h */,
				000C4DF71D1D8E700069BA6D /* MainViewController.m */,
			);
			name = Main;
			sourceTree = "<group>";
		};
		000C4DFB1D1D90C30069BA6D /* Donation Main */ = {
			isa = PBXGroup;
			children = (
				000C4DFC1D1D90CF0069BA6D /* DonationMainViewController.h */,
				000C4DFD1D1D90CF0069BA6D /* DonationMainViewController.m */,
			);
			name = "Donation Main";
			sourceTree = "<group>";
		};
		0563A845613CD972F9A2BF69 /* Frameworks */ = {
			isa = PBXGroup;
			children = (
				001728521D201BFA00E8C2A0 /* libPods-Kiosk.a */,
				4FED98358E840D66A56E7B58 /* libPods-Kiosk.a */,
				8847FB81AE0E8E17E70CCC74 /* libPods-KioskTests.a */,
				3B65D57F6EF56BCE8A11908D /* libPods-KioskUITests.a */,
			);
			name = Frameworks;
			sourceTree = "<group>";
		};
		C25EE5BD158EFF30D5BE3DBF /* Pods */ = {
			isa = PBXGroup;
			children = (
				9C5A83920B8F5B761E5F51D5 /* Pods-KioskTests.debug.xcconfig */,
				7703470AB2903CE6896CC467 /* Pods-KioskTests.release.xcconfig */,
				E903958EEDA0DD7D26B73FCE /* Pods-KioskUITests.debug.xcconfig */,
				82E51D257B0073F726D96228 /* Pods-KioskUITests.release.xcconfig */,
				44E2E40C4DAC0D3FCC8F62F3 /* Pods-Kiosk.debug.xcconfig */,
				2606EF5236EAB6A0F0A09EE9 /* Pods-Kiosk.release.xcconfig */,
			);
			name = Pods;
			sourceTree = "<group>";
		};
/* End PBXGroup section */

/* Begin PBXNativeTarget section */
		000C4DB01D1D837D0069BA6D /* Kiosk */ = {
			isa = PBXNativeTarget;
			buildConfigurationList = 000C4DDE1D1D837D0069BA6D /* Build configuration list for PBXNativeTarget "Kiosk" */;
			buildPhases = (
				5A7ECB4C0E5AFD186ED40A8D /* [CP] Check Pods Manifest.lock */,
				000C4DAD1D1D837D0069BA6D /* Sources */,
				000C4DAE1D1D837D0069BA6D /* Frameworks */,
				000C4DAF1D1D837D0069BA6D /* Resources */,
				6F4B08D8FE19EA2752141B86 /* [CP] Embed Pods Frameworks */,
				5D63E1778F96802E6E235807 /* [CP] Copy Pods Resources */,
			);
			buildRules = (
			);
			dependencies = (
			);
			name = Kiosk;
			productName = Kiosk;
			productReference = 000C4DB11D1D837D0069BA6D /* Kiosk.app */;
			productType = "com.apple.product-type.application";
		};
		00A97C991D201DEC0025ADA5 /* Kiosk Staging */ = {
			isa = PBXNativeTarget;
			buildConfigurationList = 00A97CD71D201DEC0025ADA5 /* Build configuration list for PBXNativeTarget "Kiosk Staging" */;
			buildPhases = (
				00A97C9A1D201DEC0025ADA5 /* [CP] Check Pods Manifest.lock */,
				00A97C9B1D201DEC0025ADA5 /* Sources */,
				00A97CC61D201DEC0025ADA5 /* Frameworks */,
				00A97CC81D201DEC0025ADA5 /* Resources */,
				00A97CD51D201DEC0025ADA5 /* [CP] Embed Pods Frameworks */,
				00A97CD61D201DEC0025ADA5 /* [CP] Copy Pods Resources */,
			);
			buildRules = (
			);
			dependencies = (
			);
			name = "Kiosk Staging";
			productName = Kiosk;
			productReference = 00A97CDA1D201DEC0025ADA5 /* Kiosk Staging.app */;
			productType = "com.apple.product-type.application";
		};
/* End PBXNativeTarget section */

/* Begin PBXProject section */
		000C4DA91D1D837D0069BA6D /* Project object */ = {
			isa = PBXProject;
			attributes = {
				LastUpgradeCheck = 0730;
				ORGANIZATIONNAME = Arie;
				TargetAttributes = {
					000C4DB01D1D837D0069BA6D = {
						CreatedOnToolsVersion = 7.3.1;
					};
				};
			};
			buildConfigurationList = 000C4DAC1D1D837D0069BA6D /* Build configuration list for PBXProject "Kiosk" */;
			compatibilityVersion = "Xcode 3.2";
			developmentRegion = English;
			hasScannedForEncodings = 0;
			knownRegions = (
				en,
				Base,
			);
			mainGroup = 000C4DA81D1D837D0069BA6D;
			productRefGroup = 000C4DB21D1D837D0069BA6D /* Products */;
			projectDirPath = "";
			projectRoot = "";
			targets = (
				000C4DB01D1D837D0069BA6D /* Kiosk */,
				00A97C991D201DEC0025ADA5 /* Kiosk Staging */,
			);
		};
/* End PBXProject section */

/* Begin PBXResourcesBuildPhase section */
		000C4DAF1D1D837D0069BA6D /* Resources */ = {
			isa = PBXResourcesBuildPhase;
			buildActionMask = 2147483647;
			files = (
				0005F6741D1DAE6F0060A25B /* MuseoSans_100.otf in Resources */,
				0005F64F1D1DA83B0060A25B /* LoginViewController.xib in Resources */,
				000C4DC41D1D837D0069BA6D /* LaunchScreen.storyboard in Resources */,
				0005F6771D1DAE6F0060A25B /* MuseoSans_500.otf in Resources */,
				0005F7091D1F087E0060A25B /* DonationListViewController.xib in Resources */,
				0005F7121D1F088C0060A25B /* DonationTableViewCell.xib in Resources */,
				000C4DC11D1D837D0069BA6D /* Assets.xcassets in Resources */,
				0005F6761D1DAE6F0060A25B /* MuseoSans_700.otf in Resources */,
				000C4DF41D1D8B090069BA6D /* DonationViewController.xib in Resources */,
				0005F6751D1DAE6F0060A25B /* MuseoSans_300.otf in Resources */,
				000C4DBF1D1D837D0069BA6D /* Main.storyboard in Resources */,
				0005F68C1D1DAED20060A25B /* AlertViewController.xib in Resources */,
			);
			runOnlyForDeploymentPostprocessing = 0;
		};
		00A97CC81D201DEC0025ADA5 /* Resources */ = {
			isa = PBXResourcesBuildPhase;
			buildActionMask = 2147483647;
			files = (
				00A97CC91D201DEC0025ADA5 /* MuseoSans_100.otf in Resources */,
				00A97CCA1D201DEC0025ADA5 /* LoginViewController.xib in Resources */,
				00A97CCB1D201DEC0025ADA5 /* LaunchScreen.storyboard in Resources */,
				00A97CCC1D201DEC0025ADA5 /* MuseoSans_500.otf in Resources */,
				00A97CCD1D201DEC0025ADA5 /* DonationListViewController.xib in Resources */,
				00A97CCE1D201DEC0025ADA5 /* DonationTableViewCell.xib in Resources */,
				00A97CCF1D201DEC0025ADA5 /* Assets.xcassets in Resources */,
				00A97CD01D201DEC0025ADA5 /* MuseoSans_700.otf in Resources */,
				00A97CD11D201DEC0025ADA5 /* DonationViewController.xib in Resources */,
				00A97CD21D201DEC0025ADA5 /* MuseoSans_300.otf in Resources */,
				00A97CD31D201DEC0025ADA5 /* Main.storyboard in Resources */,
				00A97CD41D201DEC0025ADA5 /* AlertViewController.xib in Resources */,
			);
			runOnlyForDeploymentPostprocessing = 0;
		};
/* End PBXResourcesBuildPhase section */

/* Begin PBXShellScriptBuildPhase section */
		00A97C9A1D201DEC0025ADA5 /* [CP] Check Pods Manifest.lock */ = {
			isa = PBXShellScriptBuildPhase;
			buildActionMask = 2147483647;
			files = (
			);
			inputPaths = (
			);
			name = "[CP] Check Pods Manifest.lock";
			outputPaths = (
			);
			runOnlyForDeploymentPostprocessing = 0;
			shellPath = /bin/sh;
			shellScript = "diff \"${PODS_ROOT}/../Podfile.lock\" \"${PODS_ROOT}/Manifest.lock\" > /dev/null\nif [[ $? != 0 ]] ; then\n    cat << EOM\nerror: The sandbox is not in sync with the Podfile.lock. Run 'pod install' or update your CocoaPods installation.\nEOM\n    exit 1\nfi\n";
			showEnvVarsInLog = 0;
		};
		00A97CD51D201DEC0025ADA5 /* [CP] Embed Pods Frameworks */ = {
			isa = PBXShellScriptBuildPhase;
			buildActionMask = 2147483647;
			files = (
			);
			inputPaths = (
			);
			name = "[CP] Embed Pods Frameworks";
			outputPaths = (
			);
			runOnlyForDeploymentPostprocessing = 0;
			shellPath = /bin/sh;
			shellScript = "\"${SRCROOT}/Pods/Target Support Files/Pods-Kiosk/Pods-Kiosk-frameworks.sh\"\n";
			showEnvVarsInLog = 0;
		};
		00A97CD61D201DEC0025ADA5 /* [CP] Copy Pods Resources */ = {
			isa = PBXShellScriptBuildPhase;
			buildActionMask = 2147483647;
			files = (
			);
			inputPaths = (
			);
			name = "[CP] Copy Pods Resources";
			outputPaths = (
			);
			runOnlyForDeploymentPostprocessing = 0;
			shellPath = /bin/sh;
			shellScript = "\"${SRCROOT}/Pods/Target Support Files/Pods-Kiosk/Pods-Kiosk-resources.sh\"\n";
			showEnvVarsInLog = 0;
		};
		5A7ECB4C0E5AFD186ED40A8D /* [CP] Check Pods Manifest.lock */ = {
			isa = PBXShellScriptBuildPhase;
			buildActionMask = 2147483647;
			files = (
			);
			inputPaths = (
			);
			name = "[CP] Check Pods Manifest.lock";
			outputPaths = (
			);
			runOnlyForDeploymentPostprocessing = 0;
			shellPath = /bin/sh;
			shellScript = "diff \"${PODS_ROOT}/../Podfile.lock\" \"${PODS_ROOT}/Manifest.lock\" > /dev/null\nif [[ $? != 0 ]] ; then\n    cat << EOM\nerror: The sandbox is not in sync with the Podfile.lock. Run 'pod install' or update your CocoaPods installation.\nEOM\n    exit 1\nfi\n";
			showEnvVarsInLog = 0;
		};
		5D63E1778F96802E6E235807 /* [CP] Copy Pods Resources */ = {
			isa = PBXShellScriptBuildPhase;
			buildActionMask = 2147483647;
			files = (
			);
			inputPaths = (
			);
			name = "[CP] Copy Pods Resources";
			outputPaths = (
			);
			runOnlyForDeploymentPostprocessing = 0;
			shellPath = /bin/sh;
			shellScript = "\"${SRCROOT}/Pods/Target Support Files/Pods-Kiosk/Pods-Kiosk-resources.sh\"\n";
			showEnvVarsInLog = 0;
		};
		6F4B08D8FE19EA2752141B86 /* [CP] Embed Pods Frameworks */ = {
			isa = PBXShellScriptBuildPhase;
			buildActionMask = 2147483647;
			files = (
			);
			inputPaths = (
			);
			name = "[CP] Embed Pods Frameworks";
			outputPaths = (
			);
			runOnlyForDeploymentPostprocessing = 0;
			shellPath = /bin/sh;
			shellScript = "\"${SRCROOT}/Pods/Target Support Files/Pods-Kiosk/Pods-Kiosk-frameworks.sh\"\n";
			showEnvVarsInLog = 0;
		};
/* End PBXShellScriptBuildPhase section */

/* Begin PBXSourcesBuildPhase section */
		000C4DAD1D1D837D0069BA6D /* Sources */ = {
			isa = PBXSourcesBuildPhase;
			buildActionMask = 2147483647;
			files = (
				0005F6631D1DA9780060A25B /* AuthResponse.m in Sources */,
				0005F6871D1DAEC70060A25B /* UINavigationController+ModalOverlay.m in Sources */,
				0005F6F11D1DE37E0060A25B /* ProjectEvent.m in Sources */,
				0005F6981D1DAEFA0060A25B /* NSString+Validation.m in Sources */,
				0005F7161D1F08940060A25B /* DonationListDataSource.m in Sources */,
				0005F69C1D1DB2430060A25B /* APIManager.m in Sources */,
				0005F6611D1DA9780060A25B /* AuthData.m in Sources */,
				0005F6F31D1DE37E0060A25B /* ProjectParticipant.m in Sources */,
				000C4DEE1D1D8A5A0069BA6D /* BaseViewController.m in Sources */,
				0005F70B1D1F087E0060A25B /* DonationView.m in Sources */,
				0005F6D31D1DB5640060A25B /* APIHelper.m in Sources */,
				0005F6FF1D1EFFDF0060A25B /* KioskNavigationController.m in Sources */,
				0005F66D1D1DAE440060A25B /* CurrencyHelper.m in Sources */,
				0005F6F71D1DE37E0060A25B /* ProjectProject.m in Sources */,
				000C4DF31D1D8B090069BA6D /* DonationViewController.m in Sources */,
				0005F6921D1DAEE40060A25B /* PopupSuperView.m in Sources */,
				0005F7071D1F087E0060A25B /* DonationListViewController.m in Sources */,
				0005F65F1D1DA9780060A25B /* AuthActivateEmail.m in Sources */,
				0005F67B1D1DAE960060A25B /* UIColor+Masjidpay.m in Sources */,
				000C4DB91D1D837D0069BA6D /* AppDelegate.m in Sources */,
				0005F7101D1F088C0060A25B /* DonationTableViewCell.m in Sources */,
				0005F6DB1D1DE27D0060A25B /* PaymentListData.m in Sources */,
				0005F6601D1DA9780060A25B /* AuthAddress.m in Sources */,
				0005F6DD1D1DE27D0060A25B /* PaymentListResponse.m in Sources */,
				0005F6EF1D1DE37E0060A25B /* ProjectData.m in Sources */,
				000C4DF91D1D8E710069BA6D /* MainViewController.m in Sources */,
				0005F6641D1DA9780060A25B /* AuthStripe.m in Sources */,
				0005F64E1D1DA83B0060A25B /* LoginViewController.m in Sources */,
				0005F6FB1D1DE37E0060A25B /* ProjectVolunteer.m in Sources */,
				000C4DB61D1D837D0069BA6D /* main.m in Sources */,
				0005F6841D1DAEBF0060A25B /* PaddedLabel.m in Sources */,
				0005F6811D1DAEB40060A25B /* CustomFormTextField.m in Sources */,
				0005F6F91D1DE37E0060A25B /* ProjectResponse.m in Sources */,
				000C4DEA1D1D87560069BA6D /* DashboardViewController.m in Sources */,
				000C4DFE1D1D90CF0069BA6D /* DonationMainViewController.m in Sources */,
				0005F6621D1DA9780060A25B /* AuthGeoLocation.m in Sources */,
				0005F6681D1DAE3C0060A25B /* Util.m in Sources */,
				0005F67E1D1DAEAC0060A25B /* SeparatorLineView.m in Sources */,
				0005F68F1D1DAEDE0060A25B /* UIViewController+ModalOverlay.m in Sources */,
				0005F6951D1DAEEB0060A25B /* TransparentView.m in Sources */,
				0005F6F51D1DE37E0060A25B /* ProjectPostMeta.m in Sources */,
				0005F68B1D1DAED20060A25B /* AlertViewController.m in Sources */,
			);
			runOnlyForDeploymentPostprocessing = 0;
		};
		00A97C9B1D201DEC0025ADA5 /* Sources */ = {
			isa = PBXSourcesBuildPhase;
			buildActionMask = 2147483647;
			files = (
				00A97C9C1D201DEC0025ADA5 /* AuthResponse.m in Sources */,
				00A97C9D1D201DEC0025ADA5 /* UINavigationController+ModalOverlay.m in Sources */,
				00A97C9E1D201DEC0025ADA5 /* ProjectEvent.m in Sources */,
				00A97C9F1D201DEC0025ADA5 /* NSString+Validation.m in Sources */,
				00A97CA01D201DEC0025ADA5 /* DonationListDataSource.m in Sources */,
				00A97CA11D201DEC0025ADA5 /* APIManager.m in Sources */,
				00A97CA21D201DEC0025ADA5 /* AuthData.m in Sources */,
				00A97CA31D201DEC0025ADA5 /* ProjectParticipant.m in Sources */,
				00A97CA41D201DEC0025ADA5 /* BaseViewController.m in Sources */,
				00A97CA51D201DEC0025ADA5 /* DonationView.m in Sources */,
				00A97CA61D201DEC0025ADA5 /* APIHelper.m in Sources */,
				00A97CA71D201DEC0025ADA5 /* KioskNavigationController.m in Sources */,
				00A97CA81D201DEC0025ADA5 /* CurrencyHelper.m in Sources */,
				00A97CA91D201DEC0025ADA5 /* ProjectProject.m in Sources */,
				00A97CAA1D201DEC0025ADA5 /* DonationViewController.m in Sources */,
				00A97CAB1D201DEC0025ADA5 /* PopupSuperView.m in Sources */,
				00A97CAC1D201DEC0025ADA5 /* DonationListViewController.m in Sources */,
				00A97CAD1D201DEC0025ADA5 /* AuthActivateEmail.m in Sources */,
				00A97CAE1D201DEC0025ADA5 /* UIColor+Masjidpay.m in Sources */,
				00A97CAF1D201DEC0025ADA5 /* AppDelegate.m in Sources */,
				00A97CB01D201DEC0025ADA5 /* DonationTableViewCell.m in Sources */,
				00A97CB11D201DEC0025ADA5 /* PaymentListData.m in Sources */,
				00A97CB21D201DEC0025ADA5 /* AuthAddress.m in Sources */,
				00A97CB31D201DEC0025ADA5 /* PaymentListResponse.m in Sources */,
				00A97CB41D201DEC0025ADA5 /* ProjectData.m in Sources */,
				00A97CB51D201DEC0025ADA5 /* MainViewController.m in Sources */,
				00A97CB61D201DEC0025ADA5 /* AuthStripe.m in Sources */,
				00A97CB71D201DEC0025ADA5 /* LoginViewController.m in Sources */,
				00A97CB81D201DEC0025ADA5 /* ProjectVolunteer.m in Sources */,
				00A97CB91D201DEC0025ADA5 /* main.m in Sources */,
				00A97CBA1D201DEC0025ADA5 /* PaddedLabel.m in Sources */,
				00A97CBB1D201DEC0025ADA5 /* CustomFormTextField.m in Sources */,
				00A97CBC1D201DEC0025ADA5 /* ProjectResponse.m in Sources */,
				00A97CBD1D201DEC0025ADA5 /* DashboardViewController.m in Sources */,
				00A97CBE1D201DEC0025ADA5 /* DonationMainViewController.m in Sources */,
				00A97CBF1D201DEC0025ADA5 /* AuthGeoLocation.m in Sources */,
				00A97CC01D201DEC0025ADA5 /* Util.m in Sources */,
				00A97CC11D201DEC0025ADA5 /* SeparatorLineView.m in Sources */,
				00A97CC21D201DEC0025ADA5 /* UIViewController+ModalOverlay.m in Sources */,
				00A97CC31D201DEC0025ADA5 /* TransparentView.m in Sources */,
				00A97CC41D201DEC0025ADA5 /* ProjectPostMeta.m in Sources */,
				00A97CC51D201DEC0025ADA5 /* AlertViewController.m in Sources */,
			);
			runOnlyForDeploymentPostprocessing = 0;
		};
/* End PBXSourcesBuildPhase section */

/* Begin PBXVariantGroup section */
		000C4DBD1D1D837D0069BA6D /* Main.storyboard */ = {
			isa = PBXVariantGroup;
			children = (
				000C4DBE1D1D837D0069BA6D /* Base */,
			);
			name = Main.storyboard;
			sourceTree = "<group>";
		};
		000C4DC21D1D837D0069BA6D /* LaunchScreen.storyboard */ = {
			isa = PBXVariantGroup;
			children = (
				000C4DC31D1D837D0069BA6D /* Base */,
			);
			name = LaunchScreen.storyboard;
			sourceTree = "<group>";
		};
/* End PBXVariantGroup section */

/* Begin XCBuildConfiguration section */
		000C4DDC1D1D837D0069BA6D /* Debug */ = {
			isa = XCBuildConfiguration;
			buildSettings = {
				ALWAYS_SEARCH_USER_PATHS = NO;
				CLANG_ANALYZER_NONNULL = YES;
				CLANG_CXX_LANGUAGE_STANDARD = "gnu++0x";
				CLANG_CXX_LIBRARY = "libc++";
				CLANG_ENABLE_MODULES = YES;
				CLANG_ENABLE_OBJC_ARC = YES;
				CLANG_WARN_BOOL_CONVERSION = YES;
				CLANG_WARN_CONSTANT_CONVERSION = YES;
				CLANG_WARN_DIRECT_OBJC_ISA_USAGE = YES_ERROR;
				CLANG_WARN_EMPTY_BODY = YES;
				CLANG_WARN_ENUM_CONVERSION = YES;
				CLANG_WARN_INT_CONVERSION = YES;
				CLANG_WARN_OBJC_ROOT_CLASS = YES_ERROR;
				CLANG_WARN_UNREACHABLE_CODE = YES;
				CLANG_WARN__DUPLICATE_METHOD_MATCH = YES;
				"CODE_SIGN_IDENTITY[sdk=iphoneos*]" = "iPhone Developer";
				COPY_PHASE_STRIP = NO;
				DEBUG_INFORMATION_FORMAT = dwarf;
				ENABLE_STRICT_OBJC_MSGSEND = YES;
				ENABLE_TESTABILITY = YES;
				GCC_C_LANGUAGE_STANDARD = gnu99;
				GCC_DYNAMIC_NO_PIC = NO;
				GCC_NO_COMMON_BLOCKS = YES;
				GCC_OPTIMIZATION_LEVEL = 0;
				GCC_PREPROCESSOR_DEFINITIONS = (
					"DEBUG=1",
					"$(inherited)",
				);
				GCC_WARN_64_TO_32_BIT_CONVERSION = YES;
				GCC_WARN_ABOUT_RETURN_TYPE = YES_ERROR;
				GCC_WARN_UNDECLARED_SELECTOR = YES;
				GCC_WARN_UNINITIALIZED_AUTOS = YES_AGGRESSIVE;
				GCC_WARN_UNUSED_FUNCTION = YES;
				GCC_WARN_UNUSED_VARIABLE = YES;
				IPHONEOS_DEPLOYMENT_TARGET = 9.3;
				MTL_ENABLE_DEBUG_INFO = YES;
				ONLY_ACTIVE_ARCH = YES;
				SDKROOT = iphoneos;
				TARGETED_DEVICE_FAMILY = 2;
			};
			name = Debug;
		};
		000C4DDD1D1D837D0069BA6D /* Release */ = {
			isa = XCBuildConfiguration;
			buildSettings = {
				ALWAYS_SEARCH_USER_PATHS = NO;
				CLANG_ANALYZER_NONNULL = YES;
				CLANG_CXX_LANGUAGE_STANDARD = "gnu++0x";
				CLANG_CXX_LIBRARY = "libc++";
				CLANG_ENABLE_MODULES = YES;
				CLANG_ENABLE_OBJC_ARC = YES;
				CLANG_WARN_BOOL_CONVERSION = YES;
				CLANG_WARN_CONSTANT_CONVERSION = YES;
				CLANG_WARN_DIRECT_OBJC_ISA_USAGE = YES_ERROR;
				CLANG_WARN_EMPTY_BODY = YES;
				CLANG_WARN_ENUM_CONVERSION = YES;
				CLANG_WARN_INT_CONVERSION = YES;
				CLANG_WARN_OBJC_ROOT_CLASS = YES_ERROR;
				CLANG_WARN_UNREACHABLE_CODE = YES;
				CLANG_WARN__DUPLICATE_METHOD_MATCH = YES;
				"CODE_SIGN_IDENTITY[sdk=iphoneos*]" = "iPhone Developer";
				COPY_PHASE_STRIP = NO;
				DEBUG_INFORMATION_FORMAT = "dwarf-with-dsym";
				ENABLE_NS_ASSERTIONS = NO;
				ENABLE_STRICT_OBJC_MSGSEND = YES;
				GCC_C_LANGUAGE_STANDARD = gnu99;
				GCC_NO_COMMON_BLOCKS = YES;
				GCC_WARN_64_TO_32_BIT_CONVERSION = YES;
				GCC_WARN_ABOUT_RETURN_TYPE = YES_ERROR;
				GCC_WARN_UNDECLARED_SELECTOR = YES;
				GCC_WARN_UNINITIALIZED_AUTOS = YES_AGGRESSIVE;
				GCC_WARN_UNUSED_FUNCTION = YES;
				GCC_WARN_UNUSED_VARIABLE = YES;
				IPHONEOS_DEPLOYMENT_TARGET = 9.3;
				MTL_ENABLE_DEBUG_INFO = NO;
				SDKROOT = iphoneos;
				TARGETED_DEVICE_FAMILY = 2;
				VALIDATE_PRODUCT = YES;
			};
			name = Release;
		};
		000C4DDF1D1D837D0069BA6D /* Debug */ = {
			isa = XCBuildConfiguration;
			baseConfigurationReference = 44E2E40C4DAC0D3FCC8F62F3 /* Pods-Kiosk.debug.xcconfig */;
			buildSettings = {
				ASSETCATALOG_COMPILER_APPICON_NAME = AppIcon;
				INFOPLIST_FILE = Kiosk/Info.plist;
				LD_RUNPATH_SEARCH_PATHS = "$(inherited) @executable_path/Frameworks";
				PRODUCT_BUNDLE_IDENTIFIER = com.masjidpay.Kiosk;
				PRODUCT_NAME = "$(TARGET_NAME)";
			};
			name = Debug;
		};
		000C4DE01D1D837D0069BA6D /* Release */ = {
			isa = XCBuildConfiguration;
			baseConfigurationReference = 2606EF5236EAB6A0F0A09EE9 /* Pods-Kiosk.release.xcconfig */;
			buildSettings = {
				ASSETCATALOG_COMPILER_APPICON_NAME = AppIcon;
				INFOPLIST_FILE = Kiosk/Info.plist;
				LD_RUNPATH_SEARCH_PATHS = "$(inherited) @executable_path/Frameworks";
				PRODUCT_BUNDLE_IDENTIFIER = com.masjidpay.Kiosk;
				PRODUCT_NAME = "$(TARGET_NAME)";
			};
			name = Release;
		};
		00A97CD81D201DEC0025ADA5 /* Debug */ = {
			isa = XCBuildConfiguration;
			baseConfigurationReference = 44E2E40C4DAC0D3FCC8F62F3 /* Pods-Kiosk.debug.xcconfig */;
			buildSettings = {
				ASSETCATALOG_COMPILER_APPICON_NAME = AppIcon;
				GCC_PREPROCESSOR_DEFINITIONS = (
					"$(inherited)",
					"COCOAPODS=1",
					STAGING,
				);
				INFOPLIST_FILE = "Kiosk copy-Info.plist";
				LD_RUNPATH_SEARCH_PATHS = "$(inherited) @executable_path/Frameworks";
				PRODUCT_BUNDLE_IDENTIFIER = com.masjidpay.Kiosk;
				PRODUCT_NAME = "$(TARGET_NAME)";
			};
			name = Debug;
		};
		00A97CD91D201DEC0025ADA5 /* Release */ = {
			isa = XCBuildConfiguration;
			baseConfigurationReference = 2606EF5236EAB6A0F0A09EE9 /* Pods-Kiosk.release.xcconfig */;
			buildSettings = {
				ASSETCATALOG_COMPILER_APPICON_NAME = AppIcon;
				GCC_PREPROCESSOR_DEFINITIONS = (
					"$(inherited)",
					"COCOAPODS=1",
					STAGING,
				);
				INFOPLIST_FILE = "Kiosk copy-Info.plist";
				LD_RUNPATH_SEARCH_PATHS = "$(inherited) @executable_path/Frameworks";
				PRODUCT_BUNDLE_IDENTIFIER = com.masjidpay.Kiosk;
				PRODUCT_NAME = "$(TARGET_NAME)";
			};
			name = Release;
		};
/* End XCBuildConfiguration section */

/* Begin XCConfigurationList section */
		000C4DAC1D1D837D0069BA6D /* Build configuration list for PBXProject "Kiosk" */ = {
			isa = XCConfigurationList;
			buildConfigurations = (
				000C4DDC1D1D837D0069BA6D /* Debug */,
				000C4DDD1D1D837D0069BA6D /* Release */,
			);
			defaultConfigurationIsVisible = 0;
			defaultConfigurationName = Release;
		};
		000C4DDE1D1D837D0069BA6D /* Build configuration list for PBXNativeTarget "Kiosk" */ = {
			isa = XCConfigurationList;
			buildConfigurations = (
				000C4DDF1D1D837D0069BA6D /* Debug */,
				000C4DE01D1D837D0069BA6D /* Release */,
			);
			defaultConfigurationIsVisible = 0;
			defaultConfigurationName = Release;
		};
		00A97CD71D201DEC0025ADA5 /* Build configuration list for PBXNativeTarget "Kiosk Staging" */ = {
			isa = XCConfigurationList;
			buildConfigurations = (
				00A97CD81D201DEC0025ADA5 /* Debug */,
				00A97CD91D201DEC0025ADA5 /* Release */,
			);
			defaultConfigurationIsVisible = 0;
			defaultConfigurationName = Release;
		};
/* End XCConfigurationList section */
	};
	rootObject = 000C4DA91D1D837D0069BA6D /* Project object */;
}
